// !$*UTF8*$!
{
	archiveVersion = 1;
	classes = {
	};
	objectVersion = 56;
	objects = {

/* Begin PBXBuildFile section */
		300A52F82C4E4C5C005CA9BB /* AppDelegate.swift in Sources */ = {isa = PBXBuildFile; fileRef = 300A52F72C4E4C5C005CA9BB /* AppDelegate.swift */; };
		300A52FA2C4E4C5C005CA9BB /* SceneDelegate.swift in Sources */ = {isa = PBXBuildFile; fileRef = 300A52F92C4E4C5C005CA9BB /* SceneDelegate.swift */; };
		300A52FC2C4E4C5C005CA9BB /* ViewController.swift in Sources */ = {isa = PBXBuildFile; fileRef = 300A52FB2C4E4C5C005CA9BB /* ViewController.swift */; };
		300A52FF2C4E4C5C005CA9BB /* Base in Resources */ = {isa = PBXBuildFile; fileRef = 300A52FE2C4E4C5C005CA9BB /* Base */; };
		300A53012C4E4C5D005CA9BB /* Assets.xcassets in Resources */ = {isa = PBXBuildFile; fileRef = 300A53002C4E4C5D005CA9BB /* Assets.xcassets */; };
		300A53042C4E4C5D005CA9BB /* Base in Resources */ = {isa = PBXBuildFile; fileRef = 300A53032C4E4C5D005CA9BB /* Base */; };
		300A530F2C4E4C5D005CA9BB /* IntervalTests.swift in Sources */ = {isa = PBXBuildFile; fileRef = 300A530E2C4E4C5D005CA9BB /* IntervalTests.swift */; };
		300A53192C4E4C5D005CA9BB /* IntervalUITests.swift in Sources */ = {isa = PBXBuildFile; fileRef = 300A53182C4E4C5D005CA9BB /* IntervalUITests.swift */; };
		300A531B2C4E4C5D005CA9BB /* IntervalUITestsLaunchTests.swift in Sources */ = {isa = PBXBuildFile; fileRef = 300A531A2C4E4C5D005CA9BB /* IntervalUITestsLaunchTests.swift */; };
		300A537E2C4F6D48005CA9BB /* Cancellable.swift in Sources */ = {isa = PBXBuildFile; fileRef = 300A537C2C4F6D48005CA9BB /* Cancellable.swift */; };
		300A537F2C4F6D48005CA9BB /* DispatchQueueType.swift in Sources */ = {isa = PBXBuildFile; fileRef = 300A537D2C4F6D48005CA9BB /* DispatchQueueType.swift */; };
		300A53822C4F6D76005CA9BB /* DefaultGuidesRepository.swift in Sources */ = {isa = PBXBuildFile; fileRef = 300A53802C4F6D76005CA9BB /* DefaultGuidesRepository.swift */; };
		300A53832C4F6D76005CA9BB /* DefaultGuidesQueriesRepository.swift in Sources */ = {isa = PBXBuildFile; fileRef = 300A53812C4F6D76005CA9BB /* DefaultGuidesQueriesRepository.swift */; };
		300A53852C4F6D7D005CA9BB /* RepositoryTask.swift in Sources */ = {isa = PBXBuildFile; fileRef = 300A53842C4F6D7D005CA9BB /* RepositoryTask.swift */; };
		300A53872C4F760C005CA9BB /* APIEndpoints.swift in Sources */ = {isa = PBXBuildFile; fileRef = 300A53862C4F760C005CA9BB /* APIEndpoints.swift */; };
		300A538A2C4F763C005CA9BB /* GuidesResponseDTO+Mapping.swift in Sources */ = {isa = PBXBuildFile; fileRef = 300A53882C4F763C005CA9BB /* GuidesResponseDTO+Mapping.swift */; };
		300A538B2C4F763C005CA9BB /* GuidesRequestDTO+Mapping.swift in Sources */ = {isa = PBXBuildFile; fileRef = 300A53892C4F763C005CA9BB /* GuidesRequestDTO+Mapping.swift */; };
		300A538D2C4F7679005CA9BB /* GuideQueryUDS+Mapping.swift in Sources */ = {isa = PBXBuildFile; fileRef = 300A538C2C4F7679005CA9BB /* GuideQueryUDS+Mapping.swift */; };
		300A53902C4F767E005CA9BB /* UserDefaultsGuidesQueriesStorage.swift in Sources */ = {isa = PBXBuildFile; fileRef = 300A538E2C4F767E005CA9BB /* UserDefaultsGuidesQueriesStorage.swift */; };
		300A53912C4F767E005CA9BB /* UserDefaultsGuidesResponseStorage.swift in Sources */ = {isa = PBXBuildFile; fileRef = 300A538F2C4F767E005CA9BB /* UserDefaultsGuidesResponseStorage.swift */; };
		300A53932C4F768A005CA9BB /* GuidesResponseStorage.swift in Sources */ = {isa = PBXBuildFile; fileRef = 300A53922C4F768A005CA9BB /* GuidesResponseStorage.swift */; };
		300A53952C4F76AF005CA9BB /* GuidesQueriesStorage.swift in Sources */ = {isa = PBXBuildFile; fileRef = 300A53942C4F76AF005CA9BB /* GuidesQueriesStorage.swift */; };
		300A53982C4F76CB005CA9BB /* GuidesQueriesRepository.swift in Sources */ = {isa = PBXBuildFile; fileRef = 300A53962C4F76CB005CA9BB /* GuidesQueriesRepository.swift */; };
		300A53992C4F76CB005CA9BB /* GuidesRepository.swift in Sources */ = {isa = PBXBuildFile; fileRef = 300A53972C4F76CB005CA9BB /* GuidesRepository.swift */; };
		300A539B2C4F76E5005CA9BB /* FetchRecentGuideQueriesUseCase.swift in Sources */ = {isa = PBXBuildFile; fileRef = 300A539A2C4F76E5005CA9BB /* FetchRecentGuideQueriesUseCase.swift */; };
		300A539D2C4F76EA005CA9BB /* UseCase.swift in Sources */ = {isa = PBXBuildFile; fileRef = 300A539C2C4F76EA005CA9BB /* UseCase.swift */; };
		300A53A02C4F76FC005CA9BB /* GuideQuery.swift in Sources */ = {isa = PBXBuildFile; fileRef = 300A539E2C4F76FB005CA9BB /* GuideQuery.swift */; };
		300A53A12C4F76FC005CA9BB /* IntervalSetting.swift in Sources */ = {isa = PBXBuildFile; fileRef = 300A539F2C4F76FC005CA9BB /* IntervalSetting.swift */; };
		300A53A32C4F7717005CA9BB /* GuidesListViewModel.swift in Sources */ = {isa = PBXBuildFile; fileRef = 300A53A22C4F7717005CA9BB /* GuidesListViewModel.swift */; };
		300A53A52C4F7724005CA9BB /* IntervalFlowCoordinator.swift in Sources */ = {isa = PBXBuildFile; fileRef = 300A53A42C4F7724005CA9BB /* IntervalFlowCoordinator.swift */; };
		300A53AA2C4F7743005CA9BB /* NetworkConfig.swift in Sources */ = {isa = PBXBuildFile; fileRef = 300A53A62C4F7743005CA9BB /* NetworkConfig.swift */; };
		300A53AB2C4F7743005CA9BB /* Endpoint.swift in Sources */ = {isa = PBXBuildFile; fileRef = 300A53A72C4F7743005CA9BB /* Endpoint.swift */; };
		300A53AC2C4F7743005CA9BB /* DataTransferService.swift in Sources */ = {isa = PBXBuildFile; fileRef = 300A53A82C4F7743005CA9BB /* DataTransferService.swift */; };
		300A53AD2C4F7743005CA9BB /* NetworkService.swift in Sources */ = {isa = PBXBuildFile; fileRef = 300A53A92C4F7743005CA9BB /* NetworkService.swift */; };
		300A53B02C4F7757005CA9BB /* AppDIContainer.swift in Sources */ = {isa = PBXBuildFile; fileRef = 300A53AE2C4F7757005CA9BB /* AppDIContainer.swift */; };
		300A53B12C4F7757005CA9BB /* IntervalSceneDIContainer.swift in Sources */ = {isa = PBXBuildFile; fileRef = 300A53AF2C4F7757005CA9BB /* IntervalSceneDIContainer.swift */; };
		300A53B32C4F7780005CA9BB /* AppFlowCoordinator.swift in Sources */ = {isa = PBXBuildFile; fileRef = 300A53B22C4F7780005CA9BB /* AppFlowCoordinator.swift */; };
		300A53B62C4F7787005CA9BB /* AppConfiguration.swift in Sources */ = {isa = PBXBuildFile; fileRef = 300A53B42C4F7787005CA9BB /* AppConfiguration.swift */; };
		300A53B72C4F7787005CA9BB /* AppAppearance.swift in Sources */ = {isa = PBXBuildFile; fileRef = 300A53B52C4F7787005CA9BB /* AppAppearance.swift */; };
/* End PBXBuildFile section */

/* Begin PBXContainerItemProxy section */
		300A530B2C4E4C5D005CA9BB /* PBXContainerItemProxy */ = {
			isa = PBXContainerItemProxy;
			containerPortal = 300A52EC2C4E4C5C005CA9BB /* Project object */;
			proxyType = 1;
			remoteGlobalIDString = 300A52F32C4E4C5C005CA9BB;
			remoteInfo = Interval;
		};
		300A53152C4E4C5D005CA9BB /* PBXContainerItemProxy */ = {
			isa = PBXContainerItemProxy;
			containerPortal = 300A52EC2C4E4C5C005CA9BB /* Project object */;
			proxyType = 1;
			remoteGlobalIDString = 300A52F32C4E4C5C005CA9BB;
			remoteInfo = Interval;
		};
/* End PBXContainerItemProxy section */

/* Begin PBXFileReference section */
		300A52F42C4E4C5C005CA9BB /* Interval.app */ = {isa = PBXFileReference; explicitFileType = wrapper.application; includeInIndex = 0; path = Interval.app; sourceTree = BUILT_PRODUCTS_DIR; };
		300A52F72C4E4C5C005CA9BB /* AppDelegate.swift */ = {isa = PBXFileReference; lastKnownFileType = sourcecode.swift; path = AppDelegate.swift; sourceTree = "<group>"; };
		300A52F92C4E4C5C005CA9BB /* SceneDelegate.swift */ = {isa = PBXFileReference; lastKnownFileType = sourcecode.swift; path = SceneDelegate.swift; sourceTree = "<group>"; };
		300A52FB2C4E4C5C005CA9BB /* ViewController.swift */ = {isa = PBXFileReference; lastKnownFileType = sourcecode.swift; path = ViewController.swift; sourceTree = "<group>"; };
		300A52FE2C4E4C5C005CA9BB /* Base */ = {isa = PBXFileReference; lastKnownFileType = file.storyboard; name = Base; path = Base.lproj/Main.storyboard; sourceTree = "<group>"; };
		300A53002C4E4C5D005CA9BB /* Assets.xcassets */ = {isa = PBXFileReference; lastKnownFileType = folder.assetcatalog; path = Assets.xcassets; sourceTree = "<group>"; };
		300A53032C4E4C5D005CA9BB /* Base */ = {isa = PBXFileReference; lastKnownFileType = file.storyboard; name = Base; path = Base.lproj/LaunchScreen.storyboard; sourceTree = "<group>"; };
		300A53052C4E4C5D005CA9BB /* Info.plist */ = {isa = PBXFileReference; lastKnownFileType = text.plist.xml; path = Info.plist; sourceTree = "<group>"; };
		300A530A2C4E4C5D005CA9BB /* IntervalTests.xctest */ = {isa = PBXFileReference; explicitFileType = wrapper.cfbundle; includeInIndex = 0; path = IntervalTests.xctest; sourceTree = BUILT_PRODUCTS_DIR; };
		300A530E2C4E4C5D005CA9BB /* IntervalTests.swift */ = {isa = PBXFileReference; lastKnownFileType = sourcecode.swift; path = IntervalTests.swift; sourceTree = "<group>"; };
		300A53142C4E4C5D005CA9BB /* IntervalUITests.xctest */ = {isa = PBXFileReference; explicitFileType = wrapper.cfbundle; includeInIndex = 0; path = IntervalUITests.xctest; sourceTree = BUILT_PRODUCTS_DIR; };
		300A53182C4E4C5D005CA9BB /* IntervalUITests.swift */ = {isa = PBXFileReference; lastKnownFileType = sourcecode.swift; path = IntervalUITests.swift; sourceTree = "<group>"; };
		300A531A2C4E4C5D005CA9BB /* IntervalUITestsLaunchTests.swift */ = {isa = PBXFileReference; lastKnownFileType = sourcecode.swift; path = IntervalUITestsLaunchTests.swift; sourceTree = "<group>"; };
		300A537C2C4F6D48005CA9BB /* Cancellable.swift */ = {isa = PBXFileReference; fileEncoding = 4; lastKnownFileType = sourcecode.swift; path = Cancellable.swift; sourceTree = "<group>"; };
		300A537D2C4F6D48005CA9BB /* DispatchQueueType.swift */ = {isa = PBXFileReference; fileEncoding = 4; lastKnownFileType = sourcecode.swift; path = DispatchQueueType.swift; sourceTree = "<group>"; };
		300A53802C4F6D76005CA9BB /* DefaultGuidesRepository.swift */ = {isa = PBXFileReference; fileEncoding = 4; lastKnownFileType = sourcecode.swift; path = DefaultGuidesRepository.swift; sourceTree = "<group>"; };
		300A53812C4F6D76005CA9BB /* DefaultGuidesQueriesRepository.swift */ = {isa = PBXFileReference; fileEncoding = 4; lastKnownFileType = sourcecode.swift; path = DefaultGuidesQueriesRepository.swift; sourceTree = "<group>"; };
		300A53842C4F6D7D005CA9BB /* RepositoryTask.swift */ = {isa = PBXFileReference; fileEncoding = 4; lastKnownFileType = sourcecode.swift; path = RepositoryTask.swift; sourceTree = "<group>"; };
		300A53862C4F760C005CA9BB /* APIEndpoints.swift */ = {isa = PBXFileReference; fileEncoding = 4; lastKnownFileType = sourcecode.swift; name = APIEndpoints.swift; path = Interval/Data/Network/APIEndpoints.swift; sourceTree = SOURCE_ROOT; };
		300A53882C4F763C005CA9BB /* GuidesResponseDTO+Mapping.swift */ = {isa = PBXFileReference; fileEncoding = 4; lastKnownFileType = sourcecode.swift; path = "GuidesResponseDTO+Mapping.swift"; sourceTree = "<group>"; };
		300A53892C4F763C005CA9BB /* GuidesRequestDTO+Mapping.swift */ = {isa = PBXFileReference; fileEncoding = 4; lastKnownFileType = sourcecode.swift; path = "GuidesRequestDTO+Mapping.swift"; sourceTree = "<group>"; };
		300A538C2C4F7679005CA9BB /* GuideQueryUDS+Mapping.swift */ = {isa = PBXFileReference; fileEncoding = 4; lastKnownFileType = sourcecode.swift; path = "GuideQueryUDS+Mapping.swift"; sourceTree = "<group>"; };
		300A538E2C4F767E005CA9BB /* UserDefaultsGuidesQueriesStorage.swift */ = {isa = PBXFileReference; fileEncoding = 4; lastKnownFileType = sourcecode.swift; path = UserDefaultsGuidesQueriesStorage.swift; sourceTree = "<group>"; };
		300A538F2C4F767E005CA9BB /* UserDefaultsGuidesResponseStorage.swift */ = {isa = PBXFileReference; fileEncoding = 4; lastKnownFileType = sourcecode.swift; path = UserDefaultsGuidesResponseStorage.swift; sourceTree = "<group>"; };
		300A53922C4F768A005CA9BB /* GuidesResponseStorage.swift */ = {isa = PBXFileReference; fileEncoding = 4; lastKnownFileType = sourcecode.swift; path = GuidesResponseStorage.swift; sourceTree = "<group>"; };
		300A53942C4F76AF005CA9BB /* GuidesQueriesStorage.swift */ = {isa = PBXFileReference; fileEncoding = 4; lastKnownFileType = sourcecode.swift; name = GuidesQueriesStorage.swift; path = Interval/Data/PersistentStorages/GuidesQueriesStorage.swift; sourceTree = SOURCE_ROOT; };
		300A53962C4F76CB005CA9BB /* GuidesQueriesRepository.swift */ = {isa = PBXFileReference; fileEncoding = 4; lastKnownFileType = sourcecode.swift; path = GuidesQueriesRepository.swift; sourceTree = "<group>"; };
		300A53972C4F76CB005CA9BB /* GuidesRepository.swift */ = {isa = PBXFileReference; fileEncoding = 4; lastKnownFileType = sourcecode.swift; path = GuidesRepository.swift; sourceTree = "<group>"; };
		300A539A2C4F76E5005CA9BB /* FetchRecentGuideQueriesUseCase.swift */ = {isa = PBXFileReference; fileEncoding = 4; lastKnownFileType = sourcecode.swift; path = FetchRecentGuideQueriesUseCase.swift; sourceTree = "<group>"; };
		300A539C2C4F76EA005CA9BB /* UseCase.swift */ = {isa = PBXFileReference; fileEncoding = 4; lastKnownFileType = sourcecode.swift; path = UseCase.swift; sourceTree = "<group>"; };
		300A539E2C4F76FB005CA9BB /* GuideQuery.swift */ = {isa = PBXFileReference; fileEncoding = 4; lastKnownFileType = sourcecode.swift; path = GuideQuery.swift; sourceTree = "<group>"; };
		300A539F2C4F76FC005CA9BB /* IntervalSetting.swift */ = {isa = PBXFileReference; fileEncoding = 4; lastKnownFileType = sourcecode.swift; path = IntervalSetting.swift; sourceTree = "<group>"; };
		300A53A22C4F7717005CA9BB /* GuidesListViewModel.swift */ = {isa = PBXFileReference; fileEncoding = 4; lastKnownFileType = sourcecode.swift; path = GuidesListViewModel.swift; sourceTree = "<group>"; };
		300A53A42C4F7724005CA9BB /* IntervalFlowCoordinator.swift */ = {isa = PBXFileReference; fileEncoding = 4; lastKnownFileType = sourcecode.swift; path = IntervalFlowCoordinator.swift; sourceTree = "<group>"; };
		300A53A62C4F7743005CA9BB /* NetworkConfig.swift */ = {isa = PBXFileReference; fileEncoding = 4; lastKnownFileType = sourcecode.swift; path = NetworkConfig.swift; sourceTree = "<group>"; };
		300A53A72C4F7743005CA9BB /* Endpoint.swift */ = {isa = PBXFileReference; fileEncoding = 4; lastKnownFileType = sourcecode.swift; path = Endpoint.swift; sourceTree = "<group>"; };
		300A53A82C4F7743005CA9BB /* DataTransferService.swift */ = {isa = PBXFileReference; fileEncoding = 4; lastKnownFileType = sourcecode.swift; path = DataTransferService.swift; sourceTree = "<group>"; };
		300A53A92C4F7743005CA9BB /* NetworkService.swift */ = {isa = PBXFileReference; fileEncoding = 4; lastKnownFileType = sourcecode.swift; path = NetworkService.swift; sourceTree = "<group>"; };
		300A53AE2C4F7757005CA9BB /* AppDIContainer.swift */ = {isa = PBXFileReference; fileEncoding = 4; lastKnownFileType = sourcecode.swift; path = AppDIContainer.swift; sourceTree = "<group>"; };
		300A53AF2C4F7757005CA9BB /* IntervalSceneDIContainer.swift */ = {isa = PBXFileReference; fileEncoding = 4; lastKnownFileType = sourcecode.swift; path = IntervalSceneDIContainer.swift; sourceTree = "<group>"; };
		300A53B22C4F7780005CA9BB /* AppFlowCoordinator.swift */ = {isa = PBXFileReference; fileEncoding = 4; lastKnownFileType = sourcecode.swift; path = AppFlowCoordinator.swift; sourceTree = "<group>"; };
		300A53B42C4F7787005CA9BB /* AppConfiguration.swift */ = {isa = PBXFileReference; fileEncoding = 4; lastKnownFileType = sourcecode.swift; path = AppConfiguration.swift; sourceTree = "<group>"; };
		300A53B52C4F7787005CA9BB /* AppAppearance.swift */ = {isa = PBXFileReference; fileEncoding = 4; lastKnownFileType = sourcecode.swift; path = AppAppearance.swift; sourceTree = "<group>"; };
/* End PBXFileReference section */

/* Begin PBXFrameworksBuildPhase section */
		300A52F12C4E4C5C005CA9BB /* Frameworks */ = {
			isa = PBXFrameworksBuildPhase;
			buildActionMask = 2147483647;
			files = (
			);
			runOnlyForDeploymentPostprocessing = 0;
		};
		300A53072C4E4C5D005CA9BB /* Frameworks */ = {
			isa = PBXFrameworksBuildPhase;
			buildActionMask = 2147483647;
			files = (
			);
			runOnlyForDeploymentPostprocessing = 0;
		};
		300A53112C4E4C5D005CA9BB /* Frameworks */ = {
			isa = PBXFrameworksBuildPhase;
			buildActionMask = 2147483647;
			files = (
			);
			runOnlyForDeploymentPostprocessing = 0;
		};
/* End PBXFrameworksBuildPhase section */

/* Begin PBXGroup section */
		300A52EB2C4E4C5C005CA9BB = {
			isa = PBXGroup;
			children = (
				300A52F62C4E4C5C005CA9BB /* Interval */,
				300A530D2C4E4C5D005CA9BB /* IntervalTests */,
				300A53172C4E4C5D005CA9BB /* IntervalUITests */,
				300A52F52C4E4C5C005CA9BB /* Products */,
			);
			sourceTree = "<group>";
		};
		300A52F52C4E4C5C005CA9BB /* Products */ = {
			isa = PBXGroup;
			children = (
				300A52F42C4E4C5C005CA9BB /* Interval.app */,
				300A530A2C4E4C5D005CA9BB /* IntervalTests.xctest */,
				300A53142C4E4C5D005CA9BB /* IntervalUITests.xctest */,
			);
			name = Products;
			sourceTree = "<group>";
		};
		300A52F62C4E4C5C005CA9BB /* Interval */ = {
			isa = PBXGroup;
			children = (
				300A53542C4F3F7E005CA9BB /* Common */,
				300A534C2C4F3E05005CA9BB /* Data */,
				300A53422C4E63D5005CA9BB /* Domain */,
				300A533D2C4E6309005CA9BB /* Presentation */,
				300A53312C4E61FF005CA9BB /* Infrastructure */,
				300A53272C4E60D3005CA9BB /* Application */,
				300A52FB2C4E4C5C005CA9BB /* ViewController.swift */,
				300A52FD2C4E4C5C005CA9BB /* Main.storyboard */,
				300A53002C4E4C5D005CA9BB /* Assets.xcassets */,
				300A53022C4E4C5D005CA9BB /* LaunchScreen.storyboard */,
				300A53052C4E4C5D005CA9BB /* Info.plist */,
			);
			path = Interval;
			sourceTree = "<group>";
		};
		300A530D2C4E4C5D005CA9BB /* IntervalTests */ = {
			isa = PBXGroup;
			children = (
				300A530E2C4E4C5D005CA9BB /* IntervalTests.swift */,
			);
			path = IntervalTests;
			sourceTree = "<group>";
		};
		300A53172C4E4C5D005CA9BB /* IntervalUITests */ = {
			isa = PBXGroup;
			children = (
				300A53182C4E4C5D005CA9BB /* IntervalUITests.swift */,
				300A531A2C4E4C5D005CA9BB /* IntervalUITestsLaunchTests.swift */,
			);
			path = IntervalUITests;
			sourceTree = "<group>";
		};
		300A53272C4E60D3005CA9BB /* Application */ = {
			isa = PBXGroup;
			children = (
				300A532A2C4E6150005CA9BB /* DIContailner */,
				300A52F72C4E4C5C005CA9BB /* AppDelegate.swift */,
				300A52F92C4E4C5C005CA9BB /* SceneDelegate.swift */,
				300A53B52C4F7787005CA9BB /* AppAppearance.swift */,
				300A53B42C4F7787005CA9BB /* AppConfiguration.swift */,
				300A53B22C4F7780005CA9BB /* AppFlowCoordinator.swift */,
			);
			path = Application;
			sourceTree = "<group>";
		};
		300A532A2C4E6150005CA9BB /* DIContailner */ = {
			isa = PBXGroup;
			children = (
				300A53AE2C4F7757005CA9BB /* AppDIContainer.swift */,
				300A53AF2C4F7757005CA9BB /* IntervalSceneDIContainer.swift */,
			);
			path = DIContailner;
			sourceTree = "<group>";
		};
		300A53312C4E61FF005CA9BB /* Infrastructure */ = {
			isa = PBXGroup;
			children = (
				300A53322C4E621D005CA9BB /* Network */,
			);
			path = Infrastructure;
			sourceTree = "<group>";
		};
		300A53322C4E621D005CA9BB /* Network */ = {
			isa = PBXGroup;
			children = (
				300A53A82C4F7743005CA9BB /* DataTransferService.swift */,
				300A53A72C4F7743005CA9BB /* Endpoint.swift */,
				300A53A62C4F7743005CA9BB /* NetworkConfig.swift */,
				300A53A92C4F7743005CA9BB /* NetworkService.swift */,
			);
			path = Network;
			sourceTree = "<group>";
		};
		300A533D2C4E6309005CA9BB /* Presentation */ = {
			isa = PBXGroup;
			children = (
				300A533E2C4E6312005CA9BB /* IntervalScene */,
			);
			path = Presentation;
			sourceTree = "<group>";
		};
		300A533E2C4E6312005CA9BB /* IntervalScene */ = {
			isa = PBXGroup;
			children = (
				300A53462C4E6630005CA9BB /* GuidesList */,
				300A533F2C4E631E005CA9BB /* Flows */,
			);
			path = IntervalScene;
			sourceTree = "<group>";
		};
		300A533F2C4E631E005CA9BB /* Flows */ = {
			isa = PBXGroup;
			children = (
				300A53A42C4F7724005CA9BB /* IntervalFlowCoordinator.swift */,
			);
			path = Flows;
			sourceTree = "<group>";
		};
		300A53422C4E63D5005CA9BB /* Domain */ = {
			isa = PBXGroup;
			children = (
				300A53682C4F50E8005CA9BB /* Interfaces */,
				300A53652C4F50A9005CA9BB /* UseCases */,
				300A53432C4E63DB005CA9BB /* Entities */,
			);
			path = Domain;
			sourceTree = "<group>";
		};
		300A53432C4E63DB005CA9BB /* Entities */ = {
			isa = PBXGroup;
			children = (
				300A539E2C4F76FB005CA9BB /* GuideQuery.swift */,
				300A539F2C4F76FC005CA9BB /* IntervalSetting.swift */,
			);
			path = Entities;
			sourceTree = "<group>";
		};
		300A53462C4E6630005CA9BB /* GuidesList */ = {
			isa = PBXGroup;
			children = (
				300A53472C4E6638005CA9BB /* ViewModels */,
			);
			path = GuidesList;
			sourceTree = "<group>";
		};
		300A53472C4E6638005CA9BB /* ViewModels */ = {
			isa = PBXGroup;
			children = (
				300A53A22C4F7717005CA9BB /* GuidesListViewModel.swift */,
			);
			path = ViewModels;
			sourceTree = "<group>";
		};
		300A534C2C4F3E05005CA9BB /* Data */ = {
			isa = PBXGroup;
			children = (
				300A53702C4F51A9005CA9BB /* Repositories */,
				300A535D2C4F418E005CA9BB /* Network */,
				300A534E2C4F3E10005CA9BB /* PersistentStorages */,
			);
			path = Data;
			sourceTree = "<group>";
		};
		300A534E2C4F3E10005CA9BB /* PersistentStorages */ = {
			isa = PBXGroup;
			children = (
				300A535A2C4F4138005CA9BB /* GuidesResponseStorage */,
				300A53512C4F3F06005CA9BB /* UserDefaultsStorage */,
				300A53942C4F76AF005CA9BB /* GuidesQueriesStorage.swift */,
			);
			path = PersistentStorages;
			sourceTree = "<group>";
		};
		300A53512C4F3F06005CA9BB /* UserDefaultsStorage */ = {
			isa = PBXGroup;
			children = (
				300A53572C4F3FBF005CA9BB /* DataMapping */,
				300A538E2C4F767E005CA9BB /* UserDefaultsGuidesQueriesStorage.swift */,
				300A538F2C4F767E005CA9BB /* UserDefaultsGuidesResponseStorage.swift */,
			);
			path = UserDefaultsStorage;
			sourceTree = "<group>";
		};
		300A53542C4F3F7E005CA9BB /* Common */ = {
			isa = PBXGroup;
			children = (
				300A537C2C4F6D48005CA9BB /* Cancellable.swift */,
				300A537D2C4F6D48005CA9BB /* DispatchQueueType.swift */,
			);
			path = Common;
			sourceTree = "<group>";
		};
		300A53572C4F3FBF005CA9BB /* DataMapping */ = {
			isa = PBXGroup;
			children = (
				300A538C2C4F7679005CA9BB /* GuideQueryUDS+Mapping.swift */,
			);
			path = DataMapping;
			sourceTree = "<group>";
		};
		300A535A2C4F4138005CA9BB /* GuidesResponseStorage */ = {
			isa = PBXGroup;
			children = (
				300A53922C4F768A005CA9BB /* GuidesResponseStorage.swift */,
			);
			path = GuidesResponseStorage;
			sourceTree = "<group>";
		};
		300A535D2C4F418E005CA9BB /* Network */ = {
			isa = PBXGroup;
			children = (
				300A53862C4F760C005CA9BB /* APIEndpoints.swift */,
				300A53602C4F41A7005CA9BB /* DataMapping */,
			);
			path = Network;
			sourceTree = "<group>";
		};
		300A53602C4F41A7005CA9BB /* DataMapping */ = {
			isa = PBXGroup;
			children = (
				300A53892C4F763C005CA9BB /* GuidesRequestDTO+Mapping.swift */,
				300A53882C4F763C005CA9BB /* GuidesResponseDTO+Mapping.swift */,
			);
			path = DataMapping;
			sourceTree = "<group>";
		};
		300A53652C4F50A9005CA9BB /* UseCases */ = {
			isa = PBXGroup;
			children = (
				300A536B2C4F5123005CA9BB /* Protocol */,
				300A539A2C4F76E5005CA9BB /* FetchRecentGuideQueriesUseCase.swift */,
			);
			path = UseCases;
			sourceTree = "<group>";
		};
		300A53682C4F50E8005CA9BB /* Interfaces */ = {
			isa = PBXGroup;
			children = (
				300A53962C4F76CB005CA9BB /* GuidesQueriesRepository.swift */,
				300A53972C4F76CB005CA9BB /* GuidesRepository.swift */,
			);
			path = Interfaces;
			sourceTree = "<group>";
		};
		300A536B2C4F5123005CA9BB /* Protocol */ = {
			isa = PBXGroup;
			children = (
				300A539C2C4F76EA005CA9BB /* UseCase.swift */,
			);
			path = Protocol;
			sourceTree = "<group>";
		};
		300A53702C4F51A9005CA9BB /* Repositories */ = {
			isa = PBXGroup;
			children = (
				300A53812C4F6D76005CA9BB /* DefaultGuidesQueriesRepository.swift */,
				300A53802C4F6D76005CA9BB /* DefaultGuidesRepository.swift */,
				300A53772C4F69B9005CA9BB /* Utils */,
			);
			path = Repositories;
			sourceTree = "<group>";
		};
		300A53772C4F69B9005CA9BB /* Utils */ = {
			isa = PBXGroup;
			children = (
				300A53842C4F6D7D005CA9BB /* RepositoryTask.swift */,
			);
			path = Utils;
			sourceTree = "<group>";
		};
/* End PBXGroup section */

/* Begin PBXNativeTarget section */
		300A52F32C4E4C5C005CA9BB /* Interval */ = {
			isa = PBXNativeTarget;
			buildConfigurationList = 300A531E2C4E4C5D005CA9BB /* Build configuration list for PBXNativeTarget "Interval" */;
			buildPhases = (
				300A52F02C4E4C5C005CA9BB /* Sources */,
				300A52F12C4E4C5C005CA9BB /* Frameworks */,
				300A52F22C4E4C5C005CA9BB /* Resources */,
			);
			buildRules = (
			);
			dependencies = (
			);
			name = Interval;
			productName = Interval;
			productReference = 300A52F42C4E4C5C005CA9BB /* Interval.app */;
			productType = "com.apple.product-type.application";
		};
		300A53092C4E4C5D005CA9BB /* IntervalTests */ = {
			isa = PBXNativeTarget;
			buildConfigurationList = 300A53212C4E4C5D005CA9BB /* Build configuration list for PBXNativeTarget "IntervalTests" */;
			buildPhases = (
				300A53062C4E4C5D005CA9BB /* Sources */,
				300A53072C4E4C5D005CA9BB /* Frameworks */,
				300A53082C4E4C5D005CA9BB /* Resources */,
			);
			buildRules = (
			);
			dependencies = (
				300A530C2C4E4C5D005CA9BB /* PBXTargetDependency */,
			);
			name = IntervalTests;
			productName = IntervalTests;
			productReference = 300A530A2C4E4C5D005CA9BB /* IntervalTests.xctest */;
			productType = "com.apple.product-type.bundle.unit-test";
		};
		300A53132C4E4C5D005CA9BB /* IntervalUITests */ = {
			isa = PBXNativeTarget;
			buildConfigurationList = 300A53242C4E4C5D005CA9BB /* Build configuration list for PBXNativeTarget "IntervalUITests" */;
			buildPhases = (
				300A53102C4E4C5D005CA9BB /* Sources */,
				300A53112C4E4C5D005CA9BB /* Frameworks */,
				300A53122C4E4C5D005CA9BB /* Resources */,
			);
			buildRules = (
			);
			dependencies = (
				300A53162C4E4C5D005CA9BB /* PBXTargetDependency */,
			);
			name = IntervalUITests;
			productName = IntervalUITests;
			productReference = 300A53142C4E4C5D005CA9BB /* IntervalUITests.xctest */;
			productType = "com.apple.product-type.bundle.ui-testing";
		};
/* End PBXNativeTarget section */

/* Begin PBXProject section */
		300A52EC2C4E4C5C005CA9BB /* Project object */ = {
			isa = PBXProject;
			attributes = {
				BuildIndependentTargetsInParallel = 1;
				LastSwiftUpdateCheck = 1540;
				LastUpgradeCheck = 1540;
				TargetAttributes = {
					300A52F32C4E4C5C005CA9BB = {
						CreatedOnToolsVersion = 15.4;
					};
					300A53092C4E4C5D005CA9BB = {
						CreatedOnToolsVersion = 15.4;
						TestTargetID = 300A52F32C4E4C5C005CA9BB;
					};
					300A53132C4E4C5D005CA9BB = {
						CreatedOnToolsVersion = 15.4;
						TestTargetID = 300A52F32C4E4C5C005CA9BB;
					};
				};
			};
			buildConfigurationList = 300A52EF2C4E4C5C005CA9BB /* Build configuration list for PBXProject "Interval" */;
			compatibilityVersion = "Xcode 14.0";
			developmentRegion = en;
			hasScannedForEncodings = 0;
			knownRegions = (
				en,
				Base,
			);
			mainGroup = 300A52EB2C4E4C5C005CA9BB;
			productRefGroup = 300A52F52C4E4C5C005CA9BB /* Products */;
			projectDirPath = "";
			projectRoot = "";
			targets = (
				300A52F32C4E4C5C005CA9BB /* Interval */,
				300A53092C4E4C5D005CA9BB /* IntervalTests */,
				300A53132C4E4C5D005CA9BB /* IntervalUITests */,
			);
		};
/* End PBXProject section */

/* Begin PBXResourcesBuildPhase section */
		300A52F22C4E4C5C005CA9BB /* Resources */ = {
			isa = PBXResourcesBuildPhase;
			buildActionMask = 2147483647;
			files = (
				300A53012C4E4C5D005CA9BB /* Assets.xcassets in Resources */,
				300A53042C4E4C5D005CA9BB /* Base in Resources */,
				300A52FF2C4E4C5C005CA9BB /* Base in Resources */,
			);
			runOnlyForDeploymentPostprocessing = 0;
		};
		300A53082C4E4C5D005CA9BB /* Resources */ = {
			isa = PBXResourcesBuildPhase;
			buildActionMask = 2147483647;
			files = (
			);
			runOnlyForDeploymentPostprocessing = 0;
		};
		300A53122C4E4C5D005CA9BB /* Resources */ = {
			isa = PBXResourcesBuildPhase;
			buildActionMask = 2147483647;
			files = (
			);
			runOnlyForDeploymentPostprocessing = 0;
		};
/* End PBXResourcesBuildPhase section */

/* Begin PBXSourcesBuildPhase section */
		300A52F02C4E4C5C005CA9BB /* Sources */ = {
			isa = PBXSourcesBuildPhase;
			buildActionMask = 2147483647;
			files = (
				300A53AC2C4F7743005CA9BB /* DataTransferService.swift in Sources */,
				300A53872C4F760C005CA9BB /* APIEndpoints.swift in Sources */,
				300A537F2C4F6D48005CA9BB /* DispatchQueueType.swift in Sources */,
				300A53B72C4F7787005CA9BB /* AppAppearance.swift in Sources */,
				300A538A2C4F763C005CA9BB /* GuidesResponseDTO+Mapping.swift in Sources */,
				300A52FC2C4E4C5C005CA9BB /* ViewController.swift in Sources */,
				300A538B2C4F763C005CA9BB /* GuidesRequestDTO+Mapping.swift in Sources */,
				300A53932C4F768A005CA9BB /* GuidesResponseStorage.swift in Sources */,
				300A53952C4F76AF005CA9BB /* GuidesQueriesStorage.swift in Sources */,
				300A53A52C4F7724005CA9BB /* IntervalFlowCoordinator.swift in Sources */,
				300A53B32C4F7780005CA9BB /* AppFlowCoordinator.swift in Sources */,
				300A52F82C4E4C5C005CA9BB /* AppDelegate.swift in Sources */,
				300A53AD2C4F7743005CA9BB /* NetworkService.swift in Sources */,
				300A53912C4F767E005CA9BB /* UserDefaultsGuidesResponseStorage.swift in Sources */,
				300A53992C4F76CB005CA9BB /* GuidesRepository.swift in Sources */,
				300A53AB2C4F7743005CA9BB /* Endpoint.swift in Sources */,
				300A53822C4F6D76005CA9BB /* DefaultGuidesRepository.swift in Sources */,
				300A53832C4F6D76005CA9BB /* DefaultGuidesQueriesRepository.swift in Sources */,
				300A53A32C4F7717005CA9BB /* GuidesListViewModel.swift in Sources */,
				300A538D2C4F7679005CA9BB /* GuideQueryUDS+Mapping.swift in Sources */,
				300A53B12C4F7757005CA9BB /* IntervalSceneDIContainer.swift in Sources */,
				300A537E2C4F6D48005CA9BB /* Cancellable.swift in Sources */,
				300A53AA2C4F7743005CA9BB /* NetworkConfig.swift in Sources */,
				300A53902C4F767E005CA9BB /* UserDefaultsGuidesQueriesStorage.swift in Sources */,
				300A52FA2C4E4C5C005CA9BB /* SceneDelegate.swift in Sources */,
				300A53A02C4F76FC005CA9BB /* GuideQuery.swift in Sources */,
				300A53B62C4F7787005CA9BB /* AppConfiguration.swift in Sources */,
				300A539D2C4F76EA005CA9BB /* UseCase.swift in Sources */,
				300A539B2C4F76E5005CA9BB /* FetchRecentGuideQueriesUseCase.swift in Sources */,
				300A53B02C4F7757005CA9BB /* AppDIContainer.swift in Sources */,
				300A53A12C4F76FC005CA9BB /* IntervalSetting.swift in Sources */,
				300A53852C4F6D7D005CA9BB /* RepositoryTask.swift in Sources */,
				300A53982C4F76CB005CA9BB /* GuidesQueriesRepository.swift in Sources */,
			);
			runOnlyForDeploymentPostprocessing = 0;
		};
		300A53062C4E4C5D005CA9BB /* Sources */ = {
			isa = PBXSourcesBuildPhase;
			buildActionMask = 2147483647;
			files = (
				300A530F2C4E4C5D005CA9BB /* IntervalTests.swift in Sources */,
			);
			runOnlyForDeploymentPostprocessing = 0;
		};
		300A53102C4E4C5D005CA9BB /* Sources */ = {
			isa = PBXSourcesBuildPhase;
			buildActionMask = 2147483647;
			files = (
				300A531B2C4E4C5D005CA9BB /* IntervalUITestsLaunchTests.swift in Sources */,
				300A53192C4E4C5D005CA9BB /* IntervalUITests.swift in Sources */,
			);
			runOnlyForDeploymentPostprocessing = 0;
		};
/* End PBXSourcesBuildPhase section */

/* Begin PBXTargetDependency section */
		300A530C2C4E4C5D005CA9BB /* PBXTargetDependency */ = {
			isa = PBXTargetDependency;
			target = 300A52F32C4E4C5C005CA9BB /* Interval */;
			targetProxy = 300A530B2C4E4C5D005CA9BB /* PBXContainerItemProxy */;
		};
		300A53162C4E4C5D005CA9BB /* PBXTargetDependency */ = {
			isa = PBXTargetDependency;
			target = 300A52F32C4E4C5C005CA9BB /* Interval */;
			targetProxy = 300A53152C4E4C5D005CA9BB /* PBXContainerItemProxy */;
		};
/* End PBXTargetDependency section */

/* Begin PBXVariantGroup section */
		300A52FD2C4E4C5C005CA9BB /* Main.storyboard */ = {
			isa = PBXVariantGroup;
			children = (
				300A52FE2C4E4C5C005CA9BB /* Base */,
			);
			name = Main.storyboard;
			sourceTree = "<group>";
		};
		300A53022C4E4C5D005CA9BB /* LaunchScreen.storyboard */ = {
			isa = PBXVariantGroup;
			children = (
				300A53032C4E4C5D005CA9BB /* Base */,
			);
			name = LaunchScreen.storyboard;
			sourceTree = "<group>";
		};
/* End PBXVariantGroup section */

/* Begin XCBuildConfiguration section */
		300A531C2C4E4C5D005CA9BB /* Debug */ = {
			isa = XCBuildConfiguration;
			buildSettings = {
				ALWAYS_SEARCH_USER_PATHS = NO;
				ASSETCATALOG_COMPILER_GENERATE_SWIFT_ASSET_SYMBOL_EXTENSIONS = YES;
				CLANG_ANALYZER_NONNULL = YES;
				CLANG_ANALYZER_NUMBER_OBJECT_CONVERSION = YES_AGGRESSIVE;
				CLANG_CXX_LANGUAGE_STANDARD = "gnu++20";
				CLANG_ENABLE_MODULES = YES;
				CLANG_ENABLE_OBJC_ARC = YES;
				CLANG_ENABLE_OBJC_WEAK = YES;
				CLANG_WARN_BLOCK_CAPTURE_AUTORELEASING = YES;
				CLANG_WARN_BOOL_CONVERSION = YES;
				CLANG_WARN_COMMA = YES;
				CLANG_WARN_CONSTANT_CONVERSION = YES;
				CLANG_WARN_DEPRECATED_OBJC_IMPLEMENTATIONS = YES;
				CLANG_WARN_DIRECT_OBJC_ISA_USAGE = YES_ERROR;
				CLANG_WARN_DOCUMENTATION_COMMENTS = YES;
				CLANG_WARN_EMPTY_BODY = YES;
				CLANG_WARN_ENUM_CONVERSION = YES;
				CLANG_WARN_INFINITE_RECURSION = YES;
				CLANG_WARN_INT_CONVERSION = YES;
				CLANG_WARN_NON_LITERAL_NULL_CONVERSION = YES;
				CLANG_WARN_OBJC_IMPLICIT_RETAIN_SELF = YES;
				CLANG_WARN_OBJC_LITERAL_CONVERSION = YES;
				CLANG_WARN_OBJC_ROOT_CLASS = YES_ERROR;
				CLANG_WARN_QUOTED_INCLUDE_IN_FRAMEWORK_HEADER = YES;
				CLANG_WARN_RANGE_LOOP_ANALYSIS = YES;
				CLANG_WARN_STRICT_PROTOTYPES = YES;
				CLANG_WARN_SUSPICIOUS_MOVE = YES;
				CLANG_WARN_UNGUARDED_AVAILABILITY = YES_AGGRESSIVE;
				CLANG_WARN_UNREACHABLE_CODE = YES;
				CLANG_WARN__DUPLICATE_METHOD_MATCH = YES;
				COPY_PHASE_STRIP = NO;
				DEBUG_INFORMATION_FORMAT = dwarf;
				ENABLE_STRICT_OBJC_MSGSEND = YES;
				ENABLE_TESTABILITY = YES;
				ENABLE_USER_SCRIPT_SANDBOXING = YES;
				GCC_C_LANGUAGE_STANDARD = gnu17;
				GCC_DYNAMIC_NO_PIC = NO;
				GCC_NO_COMMON_BLOCKS = YES;
				GCC_OPTIMIZATION_LEVEL = 0;
				GCC_PREPROCESSOR_DEFINITIONS = (
					"DEBUG=1",
					"$(inherited)",
				);
				GCC_WARN_64_TO_32_BIT_CONVERSION = YES;
				GCC_WARN_ABOUT_RETURN_TYPE = YES_ERROR;
				GCC_WARN_UNDECLARED_SELECTOR = YES;
				GCC_WARN_UNINITIALIZED_AUTOS = YES_AGGRESSIVE;
				GCC_WARN_UNUSED_FUNCTION = YES;
				GCC_WARN_UNUSED_VARIABLE = YES;
				IPHONEOS_DEPLOYMENT_TARGET = 17.5;
				LOCALIZATION_PREFERS_STRING_CATALOGS = YES;
				MTL_ENABLE_DEBUG_INFO = INCLUDE_SOURCE;
				MTL_FAST_MATH = YES;
				ONLY_ACTIVE_ARCH = YES;
				SDKROOT = iphoneos;
				SWIFT_ACTIVE_COMPILATION_CONDITIONS = "DEBUG $(inherited)";
				SWIFT_OPTIMIZATION_LEVEL = "-Onone";
			};
			name = Debug;
		};
		300A531D2C4E4C5D005CA9BB /* Release */ = {
			isa = XCBuildConfiguration;
			buildSettings = {
				ALWAYS_SEARCH_USER_PATHS = NO;
				ASSETCATALOG_COMPILER_GENERATE_SWIFT_ASSET_SYMBOL_EXTENSIONS = YES;
				CLANG_ANALYZER_NONNULL = YES;
				CLANG_ANALYZER_NUMBER_OBJECT_CONVERSION = YES_AGGRESSIVE;
				CLANG_CXX_LANGUAGE_STANDARD = "gnu++20";
				CLANG_ENABLE_MODULES = YES;
				CLANG_ENABLE_OBJC_ARC = YES;
				CLANG_ENABLE_OBJC_WEAK = YES;
				CLANG_WARN_BLOCK_CAPTURE_AUTORELEASING = YES;
				CLANG_WARN_BOOL_CONVERSION = YES;
				CLANG_WARN_COMMA = YES;
				CLANG_WARN_CONSTANT_CONVERSION = YES;
				CLANG_WARN_DEPRECATED_OBJC_IMPLEMENTATIONS = YES;
				CLANG_WARN_DIRECT_OBJC_ISA_USAGE = YES_ERROR;
				CLANG_WARN_DOCUMENTATION_COMMENTS = YES;
				CLANG_WARN_EMPTY_BODY = YES;
				CLANG_WARN_ENUM_CONVERSION = YES;
				CLANG_WARN_INFINITE_RECURSION = YES;
				CLANG_WARN_INT_CONVERSION = YES;
				CLANG_WARN_NON_LITERAL_NULL_CONVERSION = YES;
				CLANG_WARN_OBJC_IMPLICIT_RETAIN_SELF = YES;
				CLANG_WARN_OBJC_LITERAL_CONVERSION = YES;
				CLANG_WARN_OBJC_ROOT_CLASS = YES_ERROR;
				CLANG_WARN_QUOTED_INCLUDE_IN_FRAMEWORK_HEADER = YES;
				CLANG_WARN_RANGE_LOOP_ANALYSIS = YES;
				CLANG_WARN_STRICT_PROTOTYPES = YES;
				CLANG_WARN_SUSPICIOUS_MOVE = YES;
				CLANG_WARN_UNGUARDED_AVAILABILITY = YES_AGGRESSIVE;
				CLANG_WARN_UNREACHABLE_CODE = YES;
				CLANG_WARN__DUPLICATE_METHOD_MATCH = YES;
				COPY_PHASE_STRIP = NO;
				DEBUG_INFORMATION_FORMAT = "dwarf-with-dsym";
				ENABLE_NS_ASSERTIONS = NO;
				ENABLE_STRICT_OBJC_MSGSEND = YES;
				ENABLE_USER_SCRIPT_SANDBOXING = YES;
				GCC_C_LANGUAGE_STANDARD = gnu17;
				GCC_NO_COMMON_BLOCKS = YES;
				GCC_WARN_64_TO_32_BIT_CONVERSION = YES;
				GCC_WARN_ABOUT_RETURN_TYPE = YES_ERROR;
				GCC_WARN_UNDECLARED_SELECTOR = YES;
				GCC_WARN_UNINITIALIZED_AUTOS = YES_AGGRESSIVE;
				GCC_WARN_UNUSED_FUNCTION = YES;
				GCC_WARN_UNUSED_VARIABLE = YES;
				IPHONEOS_DEPLOYMENT_TARGET = 17.5;
				LOCALIZATION_PREFERS_STRING_CATALOGS = YES;
				MTL_ENABLE_DEBUG_INFO = NO;
				MTL_FAST_MATH = YES;
				SDKROOT = iphoneos;
				SWIFT_COMPILATION_MODE = wholemodule;
				VALIDATE_PRODUCT = YES;
			};
			name = Release;
		};
		300A531F2C4E4C5D005CA9BB /* Debug */ = {
			isa = XCBuildConfiguration;
			buildSettings = {
				ASSETCATALOG_COMPILER_APPICON_NAME = AppIcon;
				ASSETCATALOG_COMPILER_GLOBAL_ACCENT_COLOR_NAME = AccentColor;
				CODE_SIGN_STYLE = Automatic;
				CURRENT_PROJECT_VERSION = 1;
				DEVELOPMENT_TEAM = 6SA2267NTB;
				GENERATE_INFOPLIST_FILE = YES;
				INFOPLIST_FILE = Interval/Info.plist;
				INFOPLIST_KEY_LSApplicationCategoryType = "public.app-category.lifestyle";
				INFOPLIST_KEY_UIApplicationSupportsIndirectInputEvents = YES;
				INFOPLIST_KEY_UILaunchStoryboardName = LaunchScreen;
				INFOPLIST_KEY_UIMainStoryboardFile = Main;
				INFOPLIST_KEY_UISupportedInterfaceOrientations_iPad = "UIInterfaceOrientationPortrait UIInterfaceOrientationPortraitUpsideDown UIInterfaceOrientationLandscapeLeft UIInterfaceOrientationLandscapeRight";
				INFOPLIST_KEY_UISupportedInterfaceOrientations_iPhone = "UIInterfaceOrientationPortrait UIInterfaceOrientationLandscapeLeft UIInterfaceOrientationLandscapeRight";
				IPHONEOS_DEPLOYMENT_TARGET = 16.0;
				LD_RUNPATH_SEARCH_PATHS = (
					"$(inherited)",
					"@executable_path/Frameworks",
				);
				MARKETING_VERSION = 1.0;
				PRODUCT_BUNDLE_IDENTIFIER = com.jiny.swift.Interval;
				PRODUCT_NAME = "$(TARGET_NAME)";
				SWIFT_EMIT_LOC_STRINGS = YES;
				SWIFT_VERSION = 5.0;
				TARGETED_DEVICE_FAMILY = "1,2";
			};
			name = Debug;
		};
		300A53202C4E4C5D005CA9BB /* Release */ = {
			isa = XCBuildConfiguration;
			buildSettings = {
				ASSETCATALOG_COMPILER_APPICON_NAME = AppIcon;
				ASSETCATALOG_COMPILER_GLOBAL_ACCENT_COLOR_NAME = AccentColor;
				CODE_SIGN_STYLE = Automatic;
				CURRENT_PROJECT_VERSION = 1;
				DEVELOPMENT_TEAM = 6SA2267NTB;
				GENERATE_INFOPLIST_FILE = YES;
				INFOPLIST_FILE = Interval/Info.plist;
				INFOPLIST_KEY_LSApplicationCategoryType = "public.app-category.lifestyle";
				INFOPLIST_KEY_UIApplicationSupportsIndirectInputEvents = YES;
				INFOPLIST_KEY_UILaunchStoryboardName = LaunchScreen;
				INFOPLIST_KEY_UIMainStoryboardFile = Main;
				INFOPLIST_KEY_UISupportedInterfaceOrientations_iPad = "UIInterfaceOrientationPortrait UIInterfaceOrientationPortraitUpsideDown UIInterfaceOrientationLandscapeLeft UIInterfaceOrientationLandscapeRight";
				INFOPLIST_KEY_UISupportedInterfaceOrientations_iPhone = "UIInterfaceOrientationPortrait UIInterfaceOrientationLandscapeLeft UIInterfaceOrientationLandscapeRight";
				IPHONEOS_DEPLOYMENT_TARGET = 16.0;
				LD_RUNPATH_SEARCH_PATHS = (
					"$(inherited)",
					"@executable_path/Frameworks",
				);
				MARKETING_VERSION = 1.0;
				PRODUCT_BUNDLE_IDENTIFIER = com.jiny.swift.Interval;
				PRODUCT_NAME = "$(TARGET_NAME)";
				SWIFT_EMIT_LOC_STRINGS = YES;
				SWIFT_VERSION = 5.0;
				TARGETED_DEVICE_FAMILY = "1,2";
			};
			name = Release;
		};
		300A53222C4E4C5D005CA9BB /* Debug */ = {
			isa = XCBuildConfiguration;
			buildSettings = {
				ALWAYS_EMBED_SWIFT_STANDARD_LIBRARIES = YES;
				BUNDLE_LOADER = "$(TEST_HOST)";
				CODE_SIGN_STYLE = Automatic;
				CURRENT_PROJECT_VERSION = 1;
				DEVELOPMENT_TEAM = 6SA2267NTB;
				GENERATE_INFOPLIST_FILE = YES;
				IPHONEOS_DEPLOYMENT_TARGET = 17.5;
				MARKETING_VERSION = 1.0;
				PRODUCT_BUNDLE_IDENTIFIER = com.jiny.swift.IntervalTests;
				PRODUCT_NAME = "$(TARGET_NAME)";
				SWIFT_EMIT_LOC_STRINGS = NO;
				SWIFT_VERSION = 5.0;
				TARGETED_DEVICE_FAMILY = "1,2";
				TEST_HOST = "$(BUILT_PRODUCTS_DIR)/Interval.app/$(BUNDLE_EXECUTABLE_FOLDER_PATH)/Interval";
			};
			name = Debug;
		};
		300A53232C4E4C5D005CA9BB /* Release */ = {
			isa = XCBuildConfiguration;
			buildSettings = {
				ALWAYS_EMBED_SWIFT_STANDARD_LIBRARIES = YES;
				BUNDLE_LOADER = "$(TEST_HOST)";
				CODE_SIGN_STYLE = Automatic;
				CURRENT_PROJECT_VERSION = 1;
				DEVELOPMENT_TEAM = 6SA2267NTB;
				GENERATE_INFOPLIST_FILE = YES;
				IPHONEOS_DEPLOYMENT_TARGET = 17.5;
				MARKETING_VERSION = 1.0;
				PRODUCT_BUNDLE_IDENTIFIER = com.jiny.swift.IntervalTests;
				PRODUCT_NAME = "$(TARGET_NAME)";
				SWIFT_EMIT_LOC_STRINGS = NO;
				SWIFT_VERSION = 5.0;
				TARGETED_DEVICE_FAMILY = "1,2";
				TEST_HOST = "$(BUILT_PRODUCTS_DIR)/Interval.app/$(BUNDLE_EXECUTABLE_FOLDER_PATH)/Interval";
			};
			name = Release;
		};
		300A53252C4E4C5D005CA9BB /* Debug */ = {
			isa = XCBuildConfiguration;
			buildSettings = {
				ALWAYS_EMBED_SWIFT_STANDARD_LIBRARIES = YES;
				CODE_SIGN_STYLE = Automatic;
				CURRENT_PROJECT_VERSION = 1;
				DEVELOPMENT_TEAM = 6SA2267NTB;
				GENERATE_INFOPLIST_FILE = YES;
				MARKETING_VERSION = 1.0;
				PRODUCT_BUNDLE_IDENTIFIER = com.jiny.swift.IntervalUITests;
				PRODUCT_NAME = "$(TARGET_NAME)";
				SWIFT_EMIT_LOC_STRINGS = NO;
				SWIFT_VERSION = 5.0;
				TARGETED_DEVICE_FAMILY = "1,2";
				TEST_TARGET_NAME = Interval;
			};
			name = Debug;
		};
		300A53262C4E4C5D005CA9BB /* Release */ = {
			isa = XCBuildConfiguration;
			buildSettings = {
				ALWAYS_EMBED_SWIFT_STANDARD_LIBRARIES = YES;
				CODE_SIGN_STYLE = Automatic;
				CURRENT_PROJECT_VERSION = 1;
				DEVELOPMENT_TEAM = 6SA2267NTB;
				GENERATE_INFOPLIST_FILE = YES;
				MARKETING_VERSION = 1.0;
				PRODUCT_BUNDLE_IDENTIFIER = com.jiny.swift.IntervalUITests;
				PRODUCT_NAME = "$(TARGET_NAME)";
				SWIFT_EMIT_LOC_STRINGS = NO;
				SWIFT_VERSION = 5.0;
				TARGETED_DEVICE_FAMILY = "1,2";
				TEST_TARGET_NAME = Interval;
			};
			name = Release;
		};
/* End XCBuildConfiguration section */

/* Begin XCConfigurationList section */
		300A52EF2C4E4C5C005CA9BB /* Build configuration list for PBXProject "Interval" */ = {
			isa = XCConfigurationList;
			buildConfigurations = (
				300A531C2C4E4C5D005CA9BB /* Debug */,
				300A531D2C4E4C5D005CA9BB /* Release */,
			);
			defaultConfigurationIsVisible = 0;
			defaultConfigurationName = Release;
		};
		300A531E2C4E4C5D005CA9BB /* Build configuration list for PBXNativeTarget "Interval" */ = {
			isa = XCConfigurationList;
			buildConfigurations = (
				300A531F2C4E4C5D005CA9BB /* Debug */,
				300A53202C4E4C5D005CA9BB /* Release */,
			);
			defaultConfigurationIsVisible = 0;
			defaultConfigurationName = Release;
		};
		300A53212C4E4C5D005CA9BB /* Build configuration list for PBXNativeTarget "IntervalTests" */ = {
			isa = XCConfigurationList;
			buildConfigurations = (
				300A53222C4E4C5D005CA9BB /* Debug */,
				300A53232C4E4C5D005CA9BB /* Release */,
			);
			defaultConfigurationIsVisible = 0;
			defaultConfigurationName = Release;
		};
		300A53242C4E4C5D005CA9BB /* Build configuration list for PBXNativeTarget "IntervalUITests" */ = {
			isa = XCConfigurationList;
			buildConfigurations = (
				300A53252C4E4C5D005CA9BB /* Debug */,
				300A53262C4E4C5D005CA9BB /* Release */,
			);
			defaultConfigurationIsVisible = 0;
			defaultConfigurationName = Release;
		};
/* End XCConfigurationList section */
	};
	rootObject = 300A52EC2C4E4C5C005CA9BB /* Project object */;
}
