// !$*UTF8*$!
{
	archiveVersion = 1;
	classes = {
	};
	objectVersion = 77;
	objects = {

/* Begin PBXBuildFile section */
		300AC3E42F20A0A00018FCC9 /* GoogleSignIn in Frameworks */ = {isa = PBXBuildFile; productRef = 300AC3E32F20A0A00018FCC9 /* GoogleSignIn */; };
		300AC3E72F20A0B50018FCC9 /* KakaoSDK in Frameworks */ = {isa = PBXBuildFile; productRef = 300AC3E62F20A0B50018FCC9 /* KakaoSDK */; };
		300AC4112F21BA440018FCC9 /* GoogleMobileAds in Frameworks */ = {isa = PBXBuildFile; productRef = 300AC4102F21BA440018FCC9 /* GoogleMobileAds */; };
		30A7019D2F17A00000109C2D /* IntervalWidgetExtension.appex in Embed Foundation Extensions */ = {isa = PBXBuildFile; fileRef = 30A701902F17A00000109C2D /* IntervalWidgetExtension.appex */; settings = {ATTRIBUTES = (RemoveHeadersOnCopy, ); }; };
		30A7021E2F18A44E00109C2D /* watchkitapp Watch App.app in Embed Watch Content */ = {isa = PBXBuildFile; fileRef = 30A701FE2F18A44C00109C2D /* watchkitapp Watch App.app */; settings = {ATTRIBUTES = (RemoveHeadersOnCopy, ); }; };
		30A7024A2F18BA6600109C2D /* WidgetKit.framework in Frameworks */ = {isa = PBXBuildFile; fileRef = 30A702492F18BA6600109C2D /* WidgetKit.framework */; };
		30A7024C2F18BA6600109C2D /* SwiftUI.framework in Frameworks */ = {isa = PBXBuildFile; fileRef = 30A7024B2F18BA6600109C2D /* SwiftUI.framework */; };
		30A702552F18BA6700109C2D /* IntervalWatchWidgetExtension.appex in Embed Foundation Extensions */ = {isa = PBXBuildFile; fileRef = 30A702472F18BA6600109C2D /* IntervalWatchWidgetExtension.appex */; settings = {ATTRIBUTES = (RemoveHeadersOnCopy, ); }; };
/* End PBXBuildFile section */

/* Begin PBXContainerItemProxy section */
		30A701722F17933C00109C2D /* PBXContainerItemProxy */ = {
			isa = PBXContainerItemProxy;
			containerPortal = 30A701532F17933A00109C2D /* Project object */;
			proxyType = 1;
			remoteGlobalIDString = 30A7015A2F17933A00109C2D;
			remoteInfo = IntervalApp;
		};
		30A7017C2F17933C00109C2D /* PBXContainerItemProxy */ = {
			isa = PBXContainerItemProxy;
			containerPortal = 30A701532F17933A00109C2D /* Project object */;
			proxyType = 1;
			remoteGlobalIDString = 30A7015A2F17933A00109C2D;
			remoteInfo = IntervalApp;
		};
		30A7019A2F17A00000109C2D /* PBXContainerItemProxy */ = {
			isa = PBXContainerItemProxy;
			containerPortal = 30A701532F17933A00109C2D /* Project object */;
			proxyType = 1;
			remoteGlobalIDString = 30A701952F17A00000109C2D;
			remoteInfo = IntervalWidgetExtension;
		};
		30A7020B2F18A44E00109C2D /* PBXContainerItemProxy */ = {
			isa = PBXContainerItemProxy;
			containerPortal = 30A701532F17933A00109C2D /* Project object */;
			proxyType = 1;
			remoteGlobalIDString = 30A701FD2F18A44C00109C2D;
			remoteInfo = "watchkitapp Watch App";
		};
		30A702152F18A44E00109C2D /* PBXContainerItemProxy */ = {
			isa = PBXContainerItemProxy;
			containerPortal = 30A701532F17933A00109C2D /* Project object */;
			proxyType = 1;
			remoteGlobalIDString = 30A701FD2F18A44C00109C2D;
			remoteInfo = "watchkitapp Watch App";
		};
		30A7021C2F18A44E00109C2D /* PBXContainerItemProxy */ = {
			isa = PBXContainerItemProxy;
			containerPortal = 30A701532F17933A00109C2D /* Project object */;
			proxyType = 1;
			remoteGlobalIDString = 30A701FD2F18A44C00109C2D;
			remoteInfo = "watchkitapp Watch App";
		};
		30A702532F18BA6700109C2D /* PBXContainerItemProxy */ = {
			isa = PBXContainerItemProxy;
			containerPortal = 30A701532F17933A00109C2D /* Project object */;
			proxyType = 1;
			remoteGlobalIDString = 30A702462F18BA6600109C2D;
			remoteInfo = IntervalWatchWidgetExtension;
		};
/* End PBXContainerItemProxy section */

/* Begin PBXCopyFilesBuildPhase section */
		30A701992F17A00000109C2D /* Embed Foundation Extensions */ = {
			isa = PBXCopyFilesBuildPhase;
			buildActionMask = 2147483647;
			dstPath = "";
			dstSubfolderSpec = 13;
			files = (
				30A7019D2F17A00000109C2D /* IntervalWidgetExtension.appex in Embed Foundation Extensions */,
			);
			name = "Embed Foundation Extensions";
			runOnlyForDeploymentPostprocessing = 0;
		};
		30A702222F18A44E00109C2D /* Embed Watch Content */ = {
			isa = PBXCopyFilesBuildPhase;
			buildActionMask = 2147483647;
			dstPath = "$(CONTENTS_FOLDER_PATH)/Watch";
			dstSubfolderSpec = 16;
			files = (
				30A7021E2F18A44E00109C2D /* watchkitapp Watch App.app in Embed Watch Content */,
			);
			name = "Embed Watch Content";
			runOnlyForDeploymentPostprocessing = 0;
		};
		30A7025A2F18BA6700109C2D /* Embed Foundation Extensions */ = {
			isa = PBXCopyFilesBuildPhase;
			buildActionMask = 2147483647;
			dstPath = "";
			dstSubfolderSpec = 13;
			files = (
				30A702552F18BA6700109C2D /* IntervalWatchWidgetExtension.appex in Embed Foundation Extensions */,
			);
			name = "Embed Foundation Extensions";
			runOnlyForDeploymentPostprocessing = 0;
		};
/* End PBXCopyFilesBuildPhase section */

/* Begin PBXFileReference section */
		30A7015B2F17933A00109C2D /* IntervalApp.app */ = {isa = PBXFileReference; explicitFileType = wrapper.application; includeInIndex = 0; path = IntervalApp.app; sourceTree = BUILT_PRODUCTS_DIR; };
		30A701712F17933C00109C2D /* IntervalAppTests.xctest */ = {isa = PBXFileReference; explicitFileType = wrapper.cfbundle; includeInIndex = 0; path = IntervalAppTests.xctest; sourceTree = BUILT_PRODUCTS_DIR; };
		30A7017B2F17933C00109C2D /* IntervalAppUITests.xctest */ = {isa = PBXFileReference; explicitFileType = wrapper.cfbundle; includeInIndex = 0; path = IntervalAppUITests.xctest; sourceTree = BUILT_PRODUCTS_DIR; };
		30A701902F17A00000109C2D /* IntervalWidgetExtension.appex */ = {isa = PBXFileReference; explicitFileType = "wrapper.app-extension"; includeInIndex = 0; path = IntervalWidgetExtension.appex; sourceTree = BUILT_PRODUCTS_DIR; };
		30A701FE2F18A44C00109C2D /* watchkitapp Watch App.app */ = {isa = PBXFileReference; explicitFileType = wrapper.application; includeInIndex = 0; path = "watchkitapp Watch App.app"; sourceTree = BUILT_PRODUCTS_DIR; };
		30A7020A2F18A44E00109C2D /* watchkitapp Watch AppTests.xctest */ = {isa = PBXFileReference; explicitFileType = wrapper.cfbundle; includeInIndex = 0; path = "watchkitapp Watch AppTests.xctest"; sourceTree = BUILT_PRODUCTS_DIR; };
		30A702142F18A44E00109C2D /* watchkitapp Watch AppUITests.xctest */ = {isa = PBXFileReference; explicitFileType = wrapper.cfbundle; includeInIndex = 0; path = "watchkitapp Watch AppUITests.xctest"; sourceTree = BUILT_PRODUCTS_DIR; };
		30A702472F18BA6600109C2D /* IntervalWatchWidgetExtension.appex */ = {isa = PBXFileReference; explicitFileType = "wrapper.app-extension"; includeInIndex = 0; path = IntervalWatchWidgetExtension.appex; sourceTree = BUILT_PRODUCTS_DIR; };
		30A702492F18BA6600109C2D /* WidgetKit.framework */ = {isa = PBXFileReference; lastKnownFileType = wrapper.framework; name = WidgetKit.framework; path = System/Library/Frameworks/WidgetKit.framework; sourceTree = SDKROOT; };
		30A7024B2F18BA6600109C2D /* SwiftUI.framework */ = {isa = PBXFileReference; lastKnownFileType = wrapper.framework; name = SwiftUI.framework; path = System/Library/Frameworks/SwiftUI.framework; sourceTree = SDKROOT; };
/* End PBXFileReference section */

/* Begin PBXFileSystemSynchronizedBuildFileExceptionSet section */
		30A701832F17933C00109C2D /* Exceptions for "IntervalApp" folder in "IntervalApp" target */ = {
			isa = PBXFileSystemSynchronizedBuildFileExceptionSet;
			membershipExceptions = (
				Info.plist,
			);
			target = 30A7015A2F17933A00109C2D /* IntervalApp */;
		};
		30A7019C2F17A00000109C2D /* Exceptions for "IntervalWidgetExtension" folder in "IntervalWidgetExtension" target */ = {
			isa = PBXFileSystemSynchronizedBuildFileExceptionSet;
			membershipExceptions = (
				Info.plist,
			);
			target = 30A701952F17A00000109C2D /* IntervalWidgetExtension */;
		};
		30A702592F18BA6700109C2D /* Exceptions for "IntervalWatchWidget" folder in "IntervalWatchWidgetExtension" target */ = {
			isa = PBXFileSystemSynchronizedBuildFileExceptionSet;
			membershipExceptions = (
				Info.plist,
			);
			target = 30A702462F18BA6600109C2D /* IntervalWatchWidgetExtension */;
		};
/* End PBXFileSystemSynchronizedBuildFileExceptionSet section */

/* Begin PBXFileSystemSynchronizedRootGroup section */
		30A7015D2F17933A00109C2D /* IntervalApp */ = {
			isa = PBXFileSystemSynchronizedRootGroup;
			exceptions = (
				30A701832F17933C00109C2D /* Exceptions for "IntervalApp" folder in "IntervalApp" target */,
			);
			path = IntervalApp;
			sourceTree = "<group>";
		};
		30A701742F17933C00109C2D /* IntervalAppTests */ = {
			isa = PBXFileSystemSynchronizedRootGroup;
			path = IntervalAppTests;
			sourceTree = "<group>";
		};
		30A7017E2F17933C00109C2D /* IntervalAppUITests */ = {
			isa = PBXFileSystemSynchronizedRootGroup;
			path = IntervalAppUITests;
			sourceTree = "<group>";
		};
		30A701912F17A00000109C2D /* IntervalWidgetExtension */ = {
			isa = PBXFileSystemSynchronizedRootGroup;
			exceptions = (
				30A7019C2F17A00000109C2D /* Exceptions for "IntervalWidgetExtension" folder in "IntervalWidgetExtension" target */,
			);
			path = IntervalWidgetExtension;
			sourceTree = "<group>";
		};
		30A701FF2F18A44C00109C2D /* watchkitapp Watch App */ = {
			isa = PBXFileSystemSynchronizedRootGroup;
			path = "watchkitapp Watch App";
			sourceTree = "<group>";
		};
		30A7020D2F18A44E00109C2D /* watchkitapp Watch AppTests */ = {
			isa = PBXFileSystemSynchronizedRootGroup;
			path = "watchkitapp Watch AppTests";
			sourceTree = "<group>";
		};
		30A702172F18A44E00109C2D /* watchkitapp Watch AppUITests */ = {
			isa = PBXFileSystemSynchronizedRootGroup;
			path = "watchkitapp Watch AppUITests";
			sourceTree = "<group>";
		};
		30A7024D2F18BA6600109C2D /* IntervalWatchWidget */ = {
			isa = PBXFileSystemSynchronizedRootGroup;
			exceptions = (
				30A702592F18BA6700109C2D /* Exceptions for "IntervalWatchWidget" folder in "IntervalWatchWidgetExtension" target */,
			);
			path = IntervalWatchWidget;
			sourceTree = "<group>";
		};
/* End PBXFileSystemSynchronizedRootGroup section */

/* Begin PBXFrameworksBuildPhase section */
		30A701582F17933A00109C2D /* Frameworks */ = {
			isa = PBXFrameworksBuildPhase;
			buildActionMask = 2147483647;
			files = (
				300AC4112F21BA440018FCC9 /* GoogleMobileAds in Frameworks */,
				300AC3E42F20A0A00018FCC9 /* GoogleSignIn in Frameworks */,
				300AC3E72F20A0B50018FCC9 /* KakaoSDK in Frameworks */,
			);
			runOnlyForDeploymentPostprocessing = 0;
		};
		30A7016E2F17933C00109C2D /* Frameworks */ = {
			isa = PBXFrameworksBuildPhase;
			buildActionMask = 2147483647;
			files = (
			);
			runOnlyForDeploymentPostprocessing = 0;
		};
		30A701782F17933C00109C2D /* Frameworks */ = {
			isa = PBXFrameworksBuildPhase;
			buildActionMask = 2147483647;
			files = (
			);
			runOnlyForDeploymentPostprocessing = 0;
		};
		30A701932F17A00000109C2D /* Frameworks */ = {
			isa = PBXFrameworksBuildPhase;
			buildActionMask = 2147483647;
			files = (
			);
			runOnlyForDeploymentPostprocessing = 0;
		};
		30A701FB2F18A44C00109C2D /* Frameworks */ = {
			isa = PBXFrameworksBuildPhase;
			buildActionMask = 2147483647;
			files = (
			);
			runOnlyForDeploymentPostprocessing = 0;
		};
		30A702072F18A44E00109C2D /* Frameworks */ = {
			isa = PBXFrameworksBuildPhase;
			buildActionMask = 2147483647;
			files = (
			);
			runOnlyForDeploymentPostprocessing = 0;
		};
		30A702112F18A44E00109C2D /* Frameworks */ = {
			isa = PBXFrameworksBuildPhase;
			buildActionMask = 2147483647;
			files = (
			);
			runOnlyForDeploymentPostprocessing = 0;
		};
		30A702442F18BA6600109C2D /* Frameworks */ = {
			isa = PBXFrameworksBuildPhase;
			buildActionMask = 2147483647;
			files = (
				30A7024C2F18BA6600109C2D /* SwiftUI.framework in Frameworks */,
				30A7024A2F18BA6600109C2D /* WidgetKit.framework in Frameworks */,
			);
			runOnlyForDeploymentPostprocessing = 0;
		};
/* End PBXFrameworksBuildPhase section */

/* Begin PBXGroup section */
		30A701522F17933A00109C2D = {
			isa = PBXGroup;
			children = (
				30A7015D2F17933A00109C2D /* IntervalApp */,
				30A701912F17A00000109C2D /* IntervalWidgetExtension */,
				30A701742F17933C00109C2D /* IntervalAppTests */,
				30A7017E2F17933C00109C2D /* IntervalAppUITests */,
				30A701FF2F18A44C00109C2D /* watchkitapp Watch App */,
				30A7020D2F18A44E00109C2D /* watchkitapp Watch AppTests */,
				30A702172F18A44E00109C2D /* watchkitapp Watch AppUITests */,
				30A7024D2F18BA6600109C2D /* IntervalWatchWidget */,
				30A702482F18BA6600109C2D /* Frameworks */,
				30A7015C2F17933A00109C2D /* Products */,
			);
			sourceTree = "<group>";
		};
		30A7015C2F17933A00109C2D /* Products */ = {
			isa = PBXGroup;
			children = (
				30A7015B2F17933A00109C2D /* IntervalApp.app */,
				30A701712F17933C00109C2D /* IntervalAppTests.xctest */,
				30A7017B2F17933C00109C2D /* IntervalAppUITests.xctest */,
				30A701902F17A00000109C2D /* IntervalWidgetExtension.appex */,
				30A701FE2F18A44C00109C2D /* watchkitapp Watch App.app */,
				30A7020A2F18A44E00109C2D /* watchkitapp Watch AppTests.xctest */,
				30A702142F18A44E00109C2D /* watchkitapp Watch AppUITests.xctest */,
				30A702472F18BA6600109C2D /* IntervalWatchWidgetExtension.appex */,
			);
			name = Products;
			sourceTree = "<group>";
		};
		30A702482F18BA6600109C2D /* Frameworks */ = {
			isa = PBXGroup;
			children = (
				30A702492F18BA6600109C2D /* WidgetKit.framework */,
				30A7024B2F18BA6600109C2D /* SwiftUI.framework */,
			);
			name = Frameworks;
			sourceTree = "<group>";
		};
/* End PBXGroup section */

/* Begin PBXNativeTarget section */
		30A7015A2F17933A00109C2D /* IntervalApp */ = {
			isa = PBXNativeTarget;
			buildConfigurationList = 30A701842F17933C00109C2D /* Build configuration list for PBXNativeTarget "IntervalApp" */;
			buildPhases = (
				30A701572F17933A00109C2D /* Sources */,
				30A701582F17933A00109C2D /* Frameworks */,
				30A701592F17933A00109C2D /* Resources */,
				30A701992F17A00000109C2D /* Embed Foundation Extensions */,
				30A702222F18A44E00109C2D /* Embed Watch Content */,
			);
			buildRules = (
			);
			dependencies = (
				30A7019B2F17A00000109C2D /* PBXTargetDependency */,
				30A7021D2F18A44E00109C2D /* PBXTargetDependency */,
			);
			fileSystemSynchronizedGroups = (
				30A7015D2F17933A00109C2D /* IntervalApp */,
			);
			name = IntervalApp;
			packageProductDependencies = (
				300AC3E32F20A0A00018FCC9 /* GoogleSignIn */,
				300AC3E62F20A0B50018FCC9 /* KakaoSDK */,
				300AC4102F21BA440018FCC9 /* GoogleMobileAds */,
			);
			productName = IntervalApp;
			productReference = 30A7015B2F17933A00109C2D /* IntervalApp.app */;
			productType = "com.apple.product-type.application";
		};
		30A701702F17933C00109C2D /* IntervalAppTests */ = {
			isa = PBXNativeTarget;
			buildConfigurationList = 30A701892F17933C00109C2D /* Build configuration list for PBXNativeTarget "IntervalAppTests" */;
			buildPhases = (
				30A7016D2F17933C00109C2D /* Sources */,
				30A7016E2F17933C00109C2D /* Frameworks */,
				30A7016F2F17933C00109C2D /* Resources */,
			);
			buildRules = (
			);
			dependencies = (
				30A701732F17933C00109C2D /* PBXTargetDependency */,
			);
			fileSystemSynchronizedGroups = (
				30A701742F17933C00109C2D /* IntervalAppTests */,
			);
			name = IntervalAppTests;
			packageProductDependencies = (
			);
			productName = IntervalAppTests;
			productReference = 30A701712F17933C00109C2D /* IntervalAppTests.xctest */;
			productType = "com.apple.product-type.bundle.unit-test";
		};
		30A7017A2F17933C00109C2D /* IntervalAppUITests */ = {
			isa = PBXNativeTarget;
			buildConfigurationList = 30A7018C2F17933C00109C2D /* Build configuration list for PBXNativeTarget "IntervalAppUITests" */;
			buildPhases = (
				30A701772F17933C00109C2D /* Sources */,
				30A701782F17933C00109C2D /* Frameworks */,
				30A701792F17933C00109C2D /* Resources */,
			);
			buildRules = (
			);
			dependencies = (
				30A7017D2F17933C00109C2D /* PBXTargetDependency */,
			);
			fileSystemSynchronizedGroups = (
				30A7017E2F17933C00109C2D /* IntervalAppUITests */,
			);
			name = IntervalAppUITests;
			packageProductDependencies = (
			);
			productName = IntervalAppUITests;
			productReference = 30A7017B2F17933C00109C2D /* IntervalAppUITests.xctest */;
			productType = "com.apple.product-type.bundle.ui-testing";
		};
		30A701952F17A00000109C2D /* IntervalWidgetExtension */ = {
			isa = PBXNativeTarget;
			buildConfigurationList = 30A701982F17A00000109C2D /* Build configuration list for PBXNativeTarget "IntervalWidgetExtension" */;
			buildPhases = (
				30A701922F17A00000109C2D /* Sources */,
				30A701932F17A00000109C2D /* Frameworks */,
				30A701942F17A00000109C2D /* Resources */,
			);
			buildRules = (
			);
			dependencies = (
			);
			fileSystemSynchronizedGroups = (
				30A701912F17A00000109C2D /* IntervalWidgetExtension */,
			);
			name = IntervalWidgetExtension;
			packageProductDependencies = (
			);
			productName = IntervalWidgetExtension;
			productReference = 30A701902F17A00000109C2D /* IntervalWidgetExtension.appex */;
			productType = "com.apple.product-type.app-extension";
		};
		30A701FD2F18A44C00109C2D /* watchkitapp Watch App */ = {
			isa = PBXNativeTarget;
			buildConfigurationList = 30A7021F2F18A44E00109C2D /* Build configuration list for PBXNativeTarget "watchkitapp Watch App" */;
			buildPhases = (
				30A701FA2F18A44C00109C2D /* Sources */,
				30A701FB2F18A44C00109C2D /* Frameworks */,
				30A701FC2F18A44C00109C2D /* Resources */,
				30A7025A2F18BA6700109C2D /* Embed Foundation Extensions */,
			);
			buildRules = (
			);
			dependencies = (
				30A702542F18BA6700109C2D /* PBXTargetDependency */,
			);
			fileSystemSynchronizedGroups = (
				30A701FF2F18A44C00109C2D /* watchkitapp Watch App */,
			);
			name = "watchkitapp Watch App";
			packageProductDependencies = (
			);
			productName = "watchkitapp Watch App";
			productReference = 30A701FE2F18A44C00109C2D /* watchkitapp Watch App.app */;
			productType = "com.apple.product-type.application";
		};
		30A702092F18A44E00109C2D /* watchkitapp Watch AppTests */ = {
			isa = PBXNativeTarget;
			buildConfigurationList = 30A702232F18A44E00109C2D /* Build configuration list for PBXNativeTarget "watchkitapp Watch AppTests" */;
			buildPhases = (
				30A702062F18A44E00109C2D /* Sources */,
				30A702072F18A44E00109C2D /* Frameworks */,
				30A702082F18A44E00109C2D /* Resources */,
			);
			buildRules = (
			);
			dependencies = (
				30A7020C2F18A44E00109C2D /* PBXTargetDependency */,
			);
			fileSystemSynchronizedGroups = (
				30A7020D2F18A44E00109C2D /* watchkitapp Watch AppTests */,
			);
			name = "watchkitapp Watch AppTests";
			packageProductDependencies = (
			);
			productName = "watchkitapp Watch AppTests";
			productReference = 30A7020A2F18A44E00109C2D /* watchkitapp Watch AppTests.xctest */;
			productType = "com.apple.product-type.bundle.unit-test";
		};
		30A702132F18A44E00109C2D /* watchkitapp Watch AppUITests */ = {
			isa = PBXNativeTarget;
			buildConfigurationList = 30A702262F18A44E00109C2D /* Build configuration list for PBXNativeTarget "watchkitapp Watch AppUITests" */;
			buildPhases = (
				30A702102F18A44E00109C2D /* Sources */,
				30A702112F18A44E00109C2D /* Frameworks */,
				30A702122F18A44E00109C2D /* Resources */,
			);
			buildRules = (
			);
			dependencies = (
				30A702162F18A44E00109C2D /* PBXTargetDependency */,
			);
			fileSystemSynchronizedGroups = (
				30A702172F18A44E00109C2D /* watchkitapp Watch AppUITests */,
			);
			name = "watchkitapp Watch AppUITests";
			packageProductDependencies = (
			);
			productName = "watchkitapp Watch AppUITests";
			productReference = 30A702142F18A44E00109C2D /* watchkitapp Watch AppUITests.xctest */;
			productType = "com.apple.product-type.bundle.ui-testing";
		};
		30A702462F18BA6600109C2D /* IntervalWatchWidgetExtension */ = {
			isa = PBXNativeTarget;
			buildConfigurationList = 30A702562F18BA6700109C2D /* Build configuration list for PBXNativeTarget "IntervalWatchWidgetExtension" */;
			buildPhases = (
				30A702432F18BA6600109C2D /* Sources */,
				30A702442F18BA6600109C2D /* Frameworks */,
				30A702452F18BA6600109C2D /* Resources */,
			);
			buildRules = (
			);
			dependencies = (
			);
			fileSystemSynchronizedGroups = (
				30A7024D2F18BA6600109C2D /* IntervalWatchWidget */,
			);
			name = IntervalWatchWidgetExtension;
			packageProductDependencies = (
			);
			productName = IntervalWatchWidgetExtension;
			productReference = 30A702472F18BA6600109C2D /* IntervalWatchWidgetExtension.appex */;
			productType = "com.apple.product-type.app-extension";
		};
/* End PBXNativeTarget section */

/* Begin PBXProject section */
		30A701532F17933A00109C2D /* Project object */ = {
			isa = PBXProject;
			attributes = {
				BuildIndependentTargetsInParallel = 1;
				LastSwiftUpdateCheck = 1630;
				LastUpgradeCheck = 1630;
				TargetAttributes = {
					30A7015A2F17933A00109C2D = {
						CreatedOnToolsVersion = 16.3;
					};
					30A701702F17933C00109C2D = {
						CreatedOnToolsVersion = 16.3;
						TestTargetID = 30A7015A2F17933A00109C2D;
					};
					30A7017A2F17933C00109C2D = {
						CreatedOnToolsVersion = 16.3;
						TestTargetID = 30A7015A2F17933A00109C2D;
					};
					30A701952F17A00000109C2D = {
						CreatedOnToolsVersion = 16.3;
					};
					30A701FD2F18A44C00109C2D = {
						CreatedOnToolsVersion = 16.3;
					};
					30A702092F18A44E00109C2D = {
						CreatedOnToolsVersion = 16.3;
						TestTargetID = 30A701FD2F18A44C00109C2D;
					};
					30A702132F18A44E00109C2D = {
						CreatedOnToolsVersion = 16.3;
						TestTargetID = 30A701FD2F18A44C00109C2D;
					};
					30A702462F18BA6600109C2D = {
						CreatedOnToolsVersion = 16.3;
					};
				};
			};
			buildConfigurationList = 30A701562F17933A00109C2D /* Build configuration list for PBXProject "IntervalApp" */;
			developmentRegion = en;
			hasScannedForEncodings = 0;
			knownRegions = (
				en,
				Base,
			);
			mainGroup = 30A701522F17933A00109C2D;
			minimizedProjectReferenceProxies = 1;
			packageReferences = (
				300AC3E22F20A0A00018FCC9 /* XCRemoteSwiftPackageReference "GoogleSignIn-iOS" */,
				300AC3E52F20A0B50018FCC9 /* XCRemoteSwiftPackageReference "kakao-ios-sdk" */,
				300AC40F2F21BA440018FCC9 /* XCRemoteSwiftPackageReference "swift-package-manager-google-mobile-ads" */,
			);
			preferredProjectObjectVersion = 77;
			productRefGroup = 30A7015C2F17933A00109C2D /* Products */;
			projectDirPath = "";
			projectRoot = "";
			targets = (
				30A7015A2F17933A00109C2D /* IntervalApp */,
				30A701702F17933C00109C2D /* IntervalAppTests */,
				30A7017A2F17933C00109C2D /* IntervalAppUITests */,
				30A701952F17A00000109C2D /* IntervalWidgetExtension */,
				30A701FD2F18A44C00109C2D /* watchkitapp Watch App */,
				30A702092F18A44E00109C2D /* watchkitapp Watch AppTests */,
				30A702132F18A44E00109C2D /* watchkitapp Watch AppUITests */,
				30A702462F18BA6600109C2D /* IntervalWatchWidgetExtension */,
			);
		};
/* End PBXProject section */

/* Begin PBXResourcesBuildPhase section */
		30A701592F17933A00109C2D /* Resources */ = {
			isa = PBXResourcesBuildPhase;
			buildActionMask = 2147483647;
			files = (
			);
			runOnlyForDeploymentPostprocessing = 0;
		};
		30A7016F2F17933C00109C2D /* Resources */ = {
			isa = PBXResourcesBuildPhase;
			buildActionMask = 2147483647;
			files = (
			);
			runOnlyForDeploymentPostprocessing = 0;
		};
		30A701792F17933C00109C2D /* Resources */ = {
			isa = PBXResourcesBuildPhase;
			buildActionMask = 2147483647;
			files = (
			);
			runOnlyForDeploymentPostprocessing = 0;
		};
		30A701942F17A00000109C2D /* Resources */ = {
			isa = PBXResourcesBuildPhase;
			buildActionMask = 2147483647;
			files = (
			);
			runOnlyForDeploymentPostprocessing = 0;
		};
		30A701FC2F18A44C00109C2D /* Resources */ = {
			isa = PBXResourcesBuildPhase;
			buildActionMask = 2147483647;
			files = (
			);
			runOnlyForDeploymentPostprocessing = 0;
		};
		30A702082F18A44E00109C2D /* Resources */ = {
			isa = PBXResourcesBuildPhase;
			buildActionMask = 2147483647;
			files = (
			);
			runOnlyForDeploymentPostprocessing = 0;
		};
		30A702122F18A44E00109C2D /* Resources */ = {
			isa = PBXResourcesBuildPhase;
			buildActionMask = 2147483647;
			files = (
			);
			runOnlyForDeploymentPostprocessing = 0;
		};
		30A702452F18BA6600109C2D /* Resources */ = {
			isa = PBXResourcesBuildPhase;
			buildActionMask = 2147483647;
			files = (
			);
			runOnlyForDeploymentPostprocessing = 0;
		};
/* End PBXResourcesBuildPhase section */

/* Begin PBXSourcesBuildPhase section */
		30A701572F17933A00109C2D /* Sources */ = {
			isa = PBXSourcesBuildPhase;
			buildActionMask = 2147483647;
			files = (
			);
			runOnlyForDeploymentPostprocessing = 0;
		};
		30A7016D2F17933C00109C2D /* Sources */ = {
			isa = PBXSourcesBuildPhase;
			buildActionMask = 2147483647;
			files = (
			);
			runOnlyForDeploymentPostprocessing = 0;
		};
		30A701772F17933C00109C2D /* Sources */ = {
			isa = PBXSourcesBuildPhase;
			buildActionMask = 2147483647;
			files = (
			);
			runOnlyForDeploymentPostprocessing = 0;
		};
		30A701922F17A00000109C2D /* Sources */ = {
			isa = PBXSourcesBuildPhase;
			buildActionMask = 2147483647;
			files = (
			);
			runOnlyForDeploymentPostprocessing = 0;
		};
		30A701FA2F18A44C00109C2D /* Sources */ = {
			isa = PBXSourcesBuildPhase;
			buildActionMask = 2147483647;
			files = (
			);
			runOnlyForDeploymentPostprocessing = 0;
		};
		30A702062F18A44E00109C2D /* Sources */ = {
			isa = PBXSourcesBuildPhase;
			buildActionMask = 2147483647;
			files = (
			);
			runOnlyForDeploymentPostprocessing = 0;
		};
		30A702102F18A44E00109C2D /* Sources */ = {
			isa = PBXSourcesBuildPhase;
			buildActionMask = 2147483647;
			files = (
			);
			runOnlyForDeploymentPostprocessing = 0;
		};
		30A702432F18BA6600109C2D /* Sources */ = {
			isa = PBXSourcesBuildPhase;
			buildActionMask = 2147483647;
			files = (
			);
			runOnlyForDeploymentPostprocessing = 0;
		};
/* End PBXSourcesBuildPhase section */

/* Begin PBXTargetDependency section */
		30A701732F17933C00109C2D /* PBXTargetDependency */ = {
			isa = PBXTargetDependency;
			target = 30A7015A2F17933A00109C2D /* IntervalApp */;
			targetProxy = 30A701722F17933C00109C2D /* PBXContainerItemProxy */;
		};
		30A7017D2F17933C00109C2D /* PBXTargetDependency */ = {
			isa = PBXTargetDependency;
			target = 30A7015A2F17933A00109C2D /* IntervalApp */;
			targetProxy = 30A7017C2F17933C00109C2D /* PBXContainerItemProxy */;
		};
		30A7019B2F17A00000109C2D /* PBXTargetDependency */ = {
			isa = PBXTargetDependency;
			target = 30A701952F17A00000109C2D /* IntervalWidgetExtension */;
			targetProxy = 30A7019A2F17A00000109C2D /* PBXContainerItemProxy */;
		};
		30A7020C2F18A44E00109C2D /* PBXTargetDependency */ = {
			isa = PBXTargetDependency;
			target = 30A701FD2F18A44C00109C2D /* watchkitapp Watch App */;
			targetProxy = 30A7020B2F18A44E00109C2D /* PBXContainerItemProxy */;
		};
		30A702162F18A44E00109C2D /* PBXTargetDependency */ = {
			isa = PBXTargetDependency;
			target = 30A701FD2F18A44C00109C2D /* watchkitapp Watch App */;
			targetProxy = 30A702152F18A44E00109C2D /* PBXContainerItemProxy */;
		};
		30A7021D2F18A44E00109C2D /* PBXTargetDependency */ = {
			isa = PBXTargetDependency;
			target = 30A701FD2F18A44C00109C2D /* watchkitapp Watch App */;
			targetProxy = 30A7021C2F18A44E00109C2D /* PBXContainerItemProxy */;
		};
		30A702542F18BA6700109C2D /* PBXTargetDependency */ = {
			isa = PBXTargetDependency;
			target = 30A702462F18BA6600109C2D /* IntervalWatchWidgetExtension */;
			targetProxy = 30A702532F18BA6700109C2D /* PBXContainerItemProxy */;
		};
/* End PBXTargetDependency section */

/* Begin XCBuildConfiguration section */
		30A701852F17933C00109C2D /* Debug */ = {
			isa = XCBuildConfiguration;
			buildSettings = {
				ASSETCATALOG_COMPILER_APPICON_NAME = AppIcon;
				ASSETCATALOG_COMPILER_GLOBAL_ACCENT_COLOR_NAME = AccentColor;
				CODE_SIGN_ENTITLEMENTS = IntervalApp/IntervalApp.entitlements;
				CODE_SIGN_STYLE = Automatic;
				CURRENT_PROJECT_VERSION = 1;
				DEVELOPMENT_TEAM = HW9XJ9J5M2;
				GENERATE_INFOPLIST_FILE = YES;
				INFOPLIST_FILE = IntervalApp/Info.plist;
				INFOPLIST_KEY_CFBundleDisplayName = IntervalMate;
				INFOPLIST_KEY_NSSupportsLiveActivities = YES;
				INFOPLIST_KEY_NSSupportsLiveActivitiesFrequentUpdates = YES;
				INFOPLIST_KEY_UIApplicationSupportsIndirectInputEvents = YES;
				INFOPLIST_KEY_UILaunchStoryboardName = LaunchScreen;
				INFOPLIST_KEY_UISupportedInterfaceOrientations_iPad = "UIInterfaceOrientationPortrait UIInterfaceOrientationPortraitUpsideDown UIInterfaceOrientationLandscapeLeft UIInterfaceOrientationLandscapeRight";
				INFOPLIST_KEY_UISupportedInterfaceOrientations_iPhone = "UIInterfaceOrientationPortrait UIInterfaceOrientationLandscapeLeft UIInterfaceOrientationLandscapeRight";
				LD_RUNPATH_SEARCH_PATHS = (
					"$(inherited)",
					"@executable_path/Frameworks",
				);
				MARKETING_VERSION = 1.0.4;
				PRODUCT_BUNDLE_IDENTIFIER = com.jiny.swiftUI.IntervalApp;
				PRODUCT_NAME = "$(TARGET_NAME)";
				SWIFT_EMIT_LOC_STRINGS = YES;
				SWIFT_VERSION = 5.0;
				TARGETED_DEVICE_FAMILY = "1,2";
			};
			name = Debug;
		};
		30A701862F17933C00109C2D /* Release */ = {
			isa = XCBuildConfiguration;
			buildSettings = {
				ASSETCATALOG_COMPILER_APPICON_NAME = AppIcon;
				ASSETCATALOG_COMPILER_GLOBAL_ACCENT_COLOR_NAME = AccentColor;
				CODE_SIGN_ENTITLEMENTS = IntervalApp/IntervalApp.entitlements;
				CODE_SIGN_STYLE = Automatic;
				CURRENT_PROJECT_VERSION = 1;
				DEVELOPMENT_TEAM = HW9XJ9J5M2;
				GENERATE_INFOPLIST_FILE = YES;
				INFOPLIST_FILE = IntervalApp/Info.plist;
				INFOPLIST_KEY_CFBundleDisplayName = IntervalMate;
				INFOPLIST_KEY_NSSupportsLiveActivities = YES;
				INFOPLIST_KEY_NSSupportsLiveActivitiesFrequentUpdates = YES;
				INFOPLIST_KEY_UIApplicationSupportsIndirectInputEvents = YES;
				INFOPLIST_KEY_UILaunchStoryboardName = LaunchScreen;
				INFOPLIST_KEY_UISupportedInterfaceOrientations_iPad = "UIInterfaceOrientationPortrait UIInterfaceOrientationPortraitUpsideDown UIInterfaceOrientationLandscapeLeft UIInterfaceOrientationLandscapeRight";
				INFOPLIST_KEY_UISupportedInterfaceOrientations_iPhone = "UIInterfaceOrientationPortrait UIInterfaceOrientationLandscapeLeft UIInterfaceOrientationLandscapeRight";
				LD_RUNPATH_SEARCH_PATHS = (
					"$(inherited)",
					"@executable_path/Frameworks",
				);
				MARKETING_VERSION = 1.0.4;
				PRODUCT_BUNDLE_IDENTIFIER = com.jiny.swiftUI.IntervalApp;
				PRODUCT_NAME = "$(TARGET_NAME)";
				SWIFT_EMIT_LOC_STRINGS = YES;
				SWIFT_VERSION = 5.0;
				TARGETED_DEVICE_FAMILY = "1,2";
			};
			name = Release;
		};
		30A701872F17933C00109C2D /* Debug */ = {
			isa = XCBuildConfiguration;
			buildSettings = {
				ALWAYS_SEARCH_USER_PATHS = NO;
				ASSETCATALOG_COMPILER_GENERATE_SWIFT_ASSET_SYMBOL_EXTENSIONS = YES;
				CLANG_ANALYZER_NONNULL = YES;
				CLANG_ANALYZER_NUMBER_OBJECT_CONVERSION = YES_AGGRESSIVE;
				CLANG_CXX_LANGUAGE_STANDARD = "gnu++20";
				CLANG_ENABLE_MODULES = YES;
				CLANG_ENABLE_OBJC_ARC = YES;
				CLANG_ENABLE_OBJC_WEAK = YES;
				CLANG_WARN_BLOCK_CAPTURE_AUTORELEASING = YES;
				CLANG_WARN_BOOL_CONVERSION = YES;
				CLANG_WARN_COMMA = YES;
				CLANG_WARN_CONSTANT_CONVERSION = YES;
				CLANG_WARN_DEPRECATED_OBJC_IMPLEMENTATIONS = YES;
				CLANG_WARN_DIRECT_OBJC_ISA_USAGE = YES_ERROR;
				CLANG_WARN_DOCUMENTATION_COMMENTS = YES;
				CLANG_WARN_EMPTY_BODY = YES;
				CLANG_WARN_ENUM_CONVERSION = YES;
				CLANG_WARN_INFINITE_RECURSION = YES;
				CLANG_WARN_INT_CONVERSION = YES;
				CLANG_WARN_NON_LITERAL_NULL_CONVERSION = YES;
				CLANG_WARN_OBJC_IMPLICIT_RETAIN_SELF = YES;
				CLANG_WARN_OBJC_LITERAL_CONVERSION = YES;
				CLANG_WARN_OBJC_ROOT_CLASS = YES_ERROR;
				CLANG_WARN_QUOTED_INCLUDE_IN_FRAMEWORK_HEADER = YES;
				CLANG_WARN_RANGE_LOOP_ANALYSIS = YES;
				CLANG_WARN_STRICT_PROTOTYPES = YES;
				CLANG_WARN_SUSPICIOUS_MOVE = YES;
				CLANG_WARN_UNGUARDED_AVAILABILITY = YES_AGGRESSIVE;
				CLANG_WARN_UNREACHABLE_CODE = YES;
				CLANG_WARN__DUPLICATE_METHOD_MATCH = YES;
				COPY_PHASE_STRIP = NO;
				DEBUG_INFORMATION_FORMAT = dwarf;
				DEVELOPMENT_TEAM = HW9XJ9J5M2;
				ENABLE_STRICT_OBJC_MSGSEND = YES;
				ENABLE_TESTABILITY = YES;
				ENABLE_USER_SCRIPT_SANDBOXING = YES;
				GCC_C_LANGUAGE_STANDARD = gnu17;
				GCC_DYNAMIC_NO_PIC = NO;
				GCC_NO_COMMON_BLOCKS = YES;
				GCC_OPTIMIZATION_LEVEL = 0;
				GCC_PREPROCESSOR_DEFINITIONS = (
					"DEBUG=1",
					"$(inherited)",
				);
				GCC_WARN_64_TO_32_BIT_CONVERSION = YES;
				GCC_WARN_ABOUT_RETURN_TYPE = YES_ERROR;
				GCC_WARN_UNDECLARED_SELECTOR = YES;
				GCC_WARN_UNINITIALIZED_AUTOS = YES_AGGRESSIVE;
				GCC_WARN_UNUSED_FUNCTION = YES;
				GCC_WARN_UNUSED_VARIABLE = YES;
				IPHONEOS_DEPLOYMENT_TARGET = 18.4;
				LOCALIZATION_PREFERS_STRING_CATALOGS = YES;
				MTL_ENABLE_DEBUG_INFO = INCLUDE_SOURCE;
				MTL_FAST_MATH = YES;
				ONLY_ACTIVE_ARCH = YES;
				SDKROOT = iphoneos;
				SWIFT_ACTIVE_COMPILATION_CONDITIONS = "DEBUG $(inherited)";
				SWIFT_OPTIMIZATION_LEVEL = "-Onone";
			};
			name = Debug;
		};
		30A701882F17933C00109C2D /* Release */ = {
			isa = XCBuildConfiguration;
			buildSettings = {
				ALWAYS_SEARCH_USER_PATHS = NO;
				ASSETCATALOG_COMPILER_GENERATE_SWIFT_ASSET_SYMBOL_EXTENSIONS = YES;
				CLANG_ANALYZER_NONNULL = YES;
				CLANG_ANALYZER_NUMBER_OBJECT_CONVERSION = YES_AGGRESSIVE;
				CLANG_CXX_LANGUAGE_STANDARD = "gnu++20";
				CLANG_ENABLE_MODULES = YES;
				CLANG_ENABLE_OBJC_ARC = YES;
				CLANG_ENABLE_OBJC_WEAK = YES;
				CLANG_WARN_BLOCK_CAPTURE_AUTORELEASING = YES;
				CLANG_WARN_BOOL_CONVERSION = YES;
				CLANG_WARN_COMMA = YES;
				CLANG_WARN_CONSTANT_CONVERSION = YES;
				CLANG_WARN_DEPRECATED_OBJC_IMPLEMENTATIONS = YES;
				CLANG_WARN_DIRECT_OBJC_ISA_USAGE = YES_ERROR;
				CLANG_WARN_DOCUMENTATION_COMMENTS = YES;
				CLANG_WARN_EMPTY_BODY = YES;
				CLANG_WARN_ENUM_CONVERSION = YES;
				CLANG_WARN_INFINITE_RECURSION = YES;
				CLANG_WARN_INT_CONVERSION = YES;
				CLANG_WARN_NON_LITERAL_NULL_CONVERSION = YES;
				CLANG_WARN_OBJC_IMPLICIT_RETAIN_SELF = YES;
				CLANG_WARN_OBJC_LITERAL_CONVERSION = YES;
				CLANG_WARN_OBJC_ROOT_CLASS = YES_ERROR;
				CLANG_WARN_QUOTED_INCLUDE_IN_FRAMEWORK_HEADER = YES;
				CLANG_WARN_RANGE_LOOP_ANALYSIS = YES;
				CLANG_WARN_STRICT_PROTOTYPES = YES;
				CLANG_WARN_SUSPICIOUS_MOVE = YES;
				CLANG_WARN_UNGUARDED_AVAILABILITY = YES_AGGRESSIVE;
				CLANG_WARN_UNREACHABLE_CODE = YES;
				CLANG_WARN__DUPLICATE_METHOD_MATCH = YES;
				COPY_PHASE_STRIP = NO;
				DEBUG_INFORMATION_FORMAT = "dwarf-with-dsym";
				DEVELOPMENT_TEAM = HW9XJ9J5M2;
				ENABLE_NS_ASSERTIONS = NO;
				ENABLE_STRICT_OBJC_MSGSEND = YES;
				ENABLE_USER_SCRIPT_SANDBOXING = YES;
				GCC_C_LANGUAGE_STANDARD = gnu17;
				GCC_NO_COMMON_BLOCKS = YES;
				GCC_WARN_64_TO_32_BIT_CONVERSION = YES;
				GCC_WARN_ABOUT_RETURN_TYPE = YES_ERROR;
				GCC_WARN_UNDECLARED_SELECTOR = YES;
				GCC_WARN_UNINITIALIZED_AUTOS = YES_AGGRESSIVE;
				GCC_WARN_UNUSED_FUNCTION = YES;
				GCC_WARN_UNUSED_VARIABLE = YES;
				IPHONEOS_DEPLOYMENT_TARGET = 18.4;
				LOCALIZATION_PREFERS_STRING_CATALOGS = YES;
				MTL_ENABLE_DEBUG_INFO = NO;
				MTL_FAST_MATH = YES;
				SDKROOT = iphoneos;
				SWIFT_COMPILATION_MODE = wholemodule;
				VALIDATE_PRODUCT = YES;
			};
			name = Release;
		};
		30A7018A2F17933C00109C2D /* Debug */ = {
			isa = XCBuildConfiguration;
			buildSettings = {
				BUNDLE_LOADER = "$(TEST_HOST)";
				CODE_SIGN_STYLE = Automatic;
				CURRENT_PROJECT_VERSION = 1;
				DEVELOPMENT_TEAM = HW9XJ9J5M2;
				GENERATE_INFOPLIST_FILE = YES;
				IPHONEOS_DEPLOYMENT_TARGET = 18.4;
				MARKETING_VERSION = 1.0;
				PRODUCT_BUNDLE_IDENTIFIER = com.jiny.swiftUI.IntervalAppTests;
				PRODUCT_NAME = "$(TARGET_NAME)";
				SWIFT_EMIT_LOC_STRINGS = NO;
				SWIFT_VERSION = 5.0;
				TARGETED_DEVICE_FAMILY = "1,2";
				TEST_HOST = "$(BUILT_PRODUCTS_DIR)/IntervalApp.app/$(BUNDLE_EXECUTABLE_FOLDER_PATH)/IntervalApp";
			};
			name = Debug;
		};
		30A7018B2F17933C00109C2D /* Release */ = {
			isa = XCBuildConfiguration;
			buildSettings = {
				BUNDLE_LOADER = "$(TEST_HOST)";
				CODE_SIGN_STYLE = Automatic;
				CURRENT_PROJECT_VERSION = 1;
				DEVELOPMENT_TEAM = HW9XJ9J5M2;
				GENERATE_INFOPLIST_FILE = YES;
				IPHONEOS_DEPLOYMENT_TARGET = 18.4;
				MARKETING_VERSION = 1.0;
				PRODUCT_BUNDLE_IDENTIFIER = com.jiny.swiftUI.IntervalAppTests;
				PRODUCT_NAME = "$(TARGET_NAME)";
				SWIFT_EMIT_LOC_STRINGS = NO;
				SWIFT_VERSION = 5.0;
				TARGETED_DEVICE_FAMILY = "1,2";
				TEST_HOST = "$(BUILT_PRODUCTS_DIR)/IntervalApp.app/$(BUNDLE_EXECUTABLE_FOLDER_PATH)/IntervalApp";
			};
			name = Release;
		};
		30A7018D2F17933C00109C2D /* Debug */ = {
			isa = XCBuildConfiguration;
			buildSettings = {
				CODE_SIGN_STYLE = Automatic;
				CURRENT_PROJECT_VERSION = 1;
				DEVELOPMENT_TEAM = HW9XJ9J5M2;
				GENERATE_INFOPLIST_FILE = YES;
				MARKETING_VERSION = 1.0;
				PRODUCT_BUNDLE_IDENTIFIER = com.jiny.swiftUI.IntervalAppUITests;
				PRODUCT_NAME = "$(TARGET_NAME)";
				SWIFT_EMIT_LOC_STRINGS = NO;
				SWIFT_VERSION = 5.0;
				TARGETED_DEVICE_FAMILY = "1,2";
				TEST_TARGET_NAME = IntervalApp;
			};
			name = Debug;
		};
		30A7018E2F17933C00109C2D /* Release */ = {
			isa = XCBuildConfiguration;
			buildSettings = {
				CODE_SIGN_STYLE = Automatic;
				CURRENT_PROJECT_VERSION = 1;
				DEVELOPMENT_TEAM = HW9XJ9J5M2;
				GENERATE_INFOPLIST_FILE = YES;
				MARKETING_VERSION = 1.0;
				PRODUCT_BUNDLE_IDENTIFIER = com.jiny.swiftUI.IntervalAppUITests;
				PRODUCT_NAME = "$(TARGET_NAME)";
				SWIFT_EMIT_LOC_STRINGS = NO;
				SWIFT_VERSION = 5.0;
				TARGETED_DEVICE_FAMILY = "1,2";
				TEST_TARGET_NAME = IntervalApp;
			};
			name = Release;
		};
		30A701962F17A00000109C2D /* Debug */ = {
			isa = XCBuildConfiguration;
			buildSettings = {
				ASSETCATALOG_COMPILER_GLOBAL_ACCENT_COLOR_NAME = AccentColor;
				ASSETCATALOG_COMPILER_WIDGET_BACKGROUND_COLOR_NAME = WidgetBackground;
				CODE_SIGN_ENTITLEMENTS = IntervalWidgetExtension/IntervalWidgetExtension.entitlements;
				CODE_SIGN_STYLE = Automatic;
				CURRENT_PROJECT_VERSION = 1;
				DEVELOPMENT_TEAM = HW9XJ9J5M2;
				GENERATE_INFOPLIST_FILE = YES;
				INFOPLIST_FILE = IntervalWidgetExtension/Info.plist;
				INFOPLIST_KEY_CFBundleDisplayName = IntervalWidgetExtension;
				INFOPLIST_KEY_NSHumanReadableCopyright = "";
				INFOPLIST_KEY_NSSupportsLiveActivities = YES;
				IPHONEOS_DEPLOYMENT_TARGET = 16.6;
				LD_RUNPATH_SEARCH_PATHS = (
					"$(inherited)",
					"@executable_path/Frameworks",
					"@executable_path/../../Frameworks",
				);
				MARKETING_VERSION = 1.0.0;
				PRODUCT_BUNDLE_IDENTIFIER = com.jiny.swiftUI.IntervalApp.IntervalWidgetExtension;
				PRODUCT_NAME = "$(TARGET_NAME)";
				SKIP_INSTALL = YES;
				SWIFT_EMIT_LOC_STRINGS = YES;
				SWIFT_VERSION = 5.0;
				TARGETED_DEVICE_FAMILY = "1,2";
			};
			name = Debug;
		};
		30A701972F17A00000109C2D /* Release */ = {
			isa = XCBuildConfiguration;
			buildSettings = {
				ASSETCATALOG_COMPILER_GLOBAL_ACCENT_COLOR_NAME = AccentColor;
				ASSETCATALOG_COMPILER_WIDGET_BACKGROUND_COLOR_NAME = WidgetBackground;
				CODE_SIGN_ENTITLEMENTS = IntervalWidgetExtension/IntervalWidgetExtension.entitlements;
				CODE_SIGN_STYLE = Automatic;
				CURRENT_PROJECT_VERSION = 1;
				DEVELOPMENT_TEAM = HW9XJ9J5M2;
				GENERATE_INFOPLIST_FILE = YES;
				INFOPLIST_FILE = IntervalWidgetExtension/Info.plist;
				INFOPLIST_KEY_CFBundleDisplayName = IntervalWidgetExtension;
				INFOPLIST_KEY_NSHumanReadableCopyright = "";
				INFOPLIST_KEY_NSSupportsLiveActivities = YES;
				IPHONEOS_DEPLOYMENT_TARGET = 16.6;
				LD_RUNPATH_SEARCH_PATHS = (
					"$(inherited)",
					"@executable_path/Frameworks",
					"@executable_path/../../Frameworks",
				);
				MARKETING_VERSION = 1.0.0;
				PRODUCT_BUNDLE_IDENTIFIER = com.jiny.swiftUI.IntervalApp.IntervalWidgetExtension;
				PRODUCT_NAME = "$(TARGET_NAME)";
				SKIP_INSTALL = YES;
				SWIFT_EMIT_LOC_STRINGS = YES;
				SWIFT_VERSION = 5.0;
				TARGETED_DEVICE_FAMILY = "1,2";
			};
			name = Release;
		};
		30A702202F18A44E00109C2D /* Debug */ = {
			isa = XCBuildConfiguration;
			buildSettings = {
				ASSETCATALOG_COMPILER_APPICON_NAME = AppIcon;
				ASSETCATALOG_COMPILER_GLOBAL_ACCENT_COLOR_NAME = AccentColor;
				CODE_SIGN_ENTITLEMENTS = "watchkitapp Watch App/watchkitapp Watch App.entitlements";
				CODE_SIGN_STYLE = Automatic;
				CURRENT_PROJECT_VERSION = 1;
				DEVELOPMENT_TEAM = HW9XJ9J5M2;
				ENABLE_PREVIEWS = YES;
				GENERATE_INFOPLIST_FILE = YES;
				INFOPLIST_FILE = "watchkitapp-Watch-App-Info.plist";
				INFOPLIST_KEY_CFBundleDisplayName = IntervalMate;
				INFOPLIST_KEY_UISupportedInterfaceOrientations = "UIInterfaceOrientationPortrait UIInterfaceOrientationPortraitUpsideDown";
				INFOPLIST_KEY_WKCompanionAppBundleIdentifier = com.jiny.swiftUI.IntervalApp;
				LD_RUNPATH_SEARCH_PATHS = (
					"$(inherited)",
					"@executable_path/Frameworks",
				);
				MARKETING_VERSION = 1.0.0;
				PRODUCT_BUNDLE_IDENTIFIER = com.jiny.swiftUI.IntervalApp.watchkitapp;
				PRODUCT_NAME = "$(TARGET_NAME)";
				SDKROOT = watchos;
				SKIP_INSTALL = YES;
				SWIFT_EMIT_LOC_STRINGS = YES;
				SWIFT_VERSION = 5.0;
				TARGETED_DEVICE_FAMILY = 4;
				WATCHOS_DEPLOYMENT_TARGET = 11.4;
			};
			name = Debug;
		};
		30A702212F18A44E00109C2D /* Release */ = {
			isa = XCBuildConfiguration;
			buildSettings = {
				ASSETCATALOG_COMPILER_APPICON_NAME = AppIcon;
				ASSETCATALOG_COMPILER_GLOBAL_ACCENT_COLOR_NAME = AccentColor;
				CODE_SIGN_ENTITLEMENTS = "watchkitapp Watch App/watchkitapp Watch App.entitlements";
				CODE_SIGN_STYLE = Automatic;
				CURRENT_PROJECT_VERSION = 1;
				DEVELOPMENT_TEAM = HW9XJ9J5M2;
				ENABLE_PREVIEWS = YES;
				GENERATE_INFOPLIST_FILE = YES;
				INFOPLIST_FILE = "watchkitapp-Watch-App-Info.plist";
				INFOPLIST_KEY_CFBundleDisplayName = IntervalMate;
				INFOPLIST_KEY_UISupportedInterfaceOrientations = "UIInterfaceOrientationPortrait UIInterfaceOrientationPortraitUpsideDown";
				INFOPLIST_KEY_WKCompanionAppBundleIdentifier = com.jiny.swiftUI.IntervalApp;
				LD_RUNPATH_SEARCH_PATHS = (
					"$(inherited)",
					"@executable_path/Frameworks",
				);
				MARKETING_VERSION = 1.0.0;
				PRODUCT_BUNDLE_IDENTIFIER = com.jiny.swiftUI.IntervalApp.watchkitapp;
				PRODUCT_NAME = "$(TARGET_NAME)";
				SDKROOT = watchos;
				SKIP_INSTALL = YES;
				SWIFT_EMIT_LOC_STRINGS = YES;
				SWIFT_VERSION = 5.0;
				TARGETED_DEVICE_FAMILY = 4;
				WATCHOS_DEPLOYMENT_TARGET = 11.4;
			};
			name = Release;
		};
		30A702242F18A44E00109C2D /* Debug */ = {
			isa = XCBuildConfiguration;
			buildSettings = {
				BUNDLE_LOADER = "$(TEST_HOST)";
				CODE_SIGN_STYLE = Automatic;
				CURRENT_PROJECT_VERSION = 1;
				DEVELOPMENT_TEAM = HW9XJ9J5M2;
				GENERATE_INFOPLIST_FILE = YES;
				MARKETING_VERSION = 1.0;
				PRODUCT_BUNDLE_IDENTIFIER = "com.jiny.swiftUI.IntervalApp.watchkitapp-Watch-AppTests";
				PRODUCT_NAME = "$(TARGET_NAME)";
				SDKROOT = watchos;
				SWIFT_EMIT_LOC_STRINGS = NO;
				SWIFT_VERSION = 5.0;
				TARGETED_DEVICE_FAMILY = 4;
				TEST_HOST = "$(BUILT_PRODUCTS_DIR)/watchkitapp Watch App.app/$(BUNDLE_EXECUTABLE_FOLDER_PATH)/watchkitapp Watch App";
				WATCHOS_DEPLOYMENT_TARGET = 11.4;
			};
			name = Debug;
		};
		30A702252F18A44E00109C2D /* Release */ = {
			isa = XCBuildConfiguration;
			buildSettings = {
				BUNDLE_LOADER = "$(TEST_HOST)";
				CODE_SIGN_STYLE = Automatic;
				CURRENT_PROJECT_VERSION = 1;
				DEVELOPMENT_TEAM = HW9XJ9J5M2;
				GENERATE_INFOPLIST_FILE = YES;
				MARKETING_VERSION = 1.0;
				PRODUCT_BUNDLE_IDENTIFIER = "com.jiny.swiftUI.IntervalApp.watchkitapp-Watch-AppTests";
				PRODUCT_NAME = "$(TARGET_NAME)";
				SDKROOT = watchos;
				SWIFT_EMIT_LOC_STRINGS = NO;
				SWIFT_VERSION = 5.0;
				TARGETED_DEVICE_FAMILY = 4;
				TEST_HOST = "$(BUILT_PRODUCTS_DIR)/watchkitapp Watch App.app/$(BUNDLE_EXECUTABLE_FOLDER_PATH)/watchkitapp Watch App";
				WATCHOS_DEPLOYMENT_TARGET = 11.4;
			};
			name = Release;
		};
		30A702272F18A44E00109C2D /* Debug */ = {
			isa = XCBuildConfiguration;
			buildSettings = {
				CODE_SIGN_STYLE = Automatic;
				CURRENT_PROJECT_VERSION = 1;
				DEVELOPMENT_TEAM = HW9XJ9J5M2;
				GENERATE_INFOPLIST_FILE = YES;
				MARKETING_VERSION = 1.0;
				PRODUCT_BUNDLE_IDENTIFIER = "com.jiny.swiftUI.IntervalApp.watchkitapp-Watch-AppUITests";
				PRODUCT_NAME = "$(TARGET_NAME)";
				SDKROOT = watchos;
				SWIFT_EMIT_LOC_STRINGS = NO;
				SWIFT_VERSION = 5.0;
				TARGETED_DEVICE_FAMILY = 4;
				TEST_TARGET_NAME = "watchkitapp Watch App";
				WATCHOS_DEPLOYMENT_TARGET = 11.4;
			};
			name = Debug;
		};
		30A702282F18A44E00109C2D /* Release */ = {
			isa = XCBuildConfiguration;
			buildSettings = {
				CODE_SIGN_STYLE = Automatic;
				CURRENT_PROJECT_VERSION = 1;
				DEVELOPMENT_TEAM = HW9XJ9J5M2;
				GENERATE_INFOPLIST_FILE = YES;
				MARKETING_VERSION = 1.0;
				PRODUCT_BUNDLE_IDENTIFIER = "com.jiny.swiftUI.IntervalApp.watchkitapp-Watch-AppUITests";
				PRODUCT_NAME = "$(TARGET_NAME)";
				SDKROOT = watchos;
				SWIFT_EMIT_LOC_STRINGS = NO;
				SWIFT_VERSION = 5.0;
				TARGETED_DEVICE_FAMILY = 4;
				TEST_TARGET_NAME = "watchkitapp Watch App";
				WATCHOS_DEPLOYMENT_TARGET = 11.4;
			};
			name = Release;
		};
		30A702572F18BA6700109C2D /* Debug */ = {
			isa = XCBuildConfiguration;
			buildSettings = {
				ASSETCATALOG_COMPILER_GLOBAL_ACCENT_COLOR_NAME = AccentColor;
				ASSETCATALOG_COMPILER_WIDGET_BACKGROUND_COLOR_NAME = WidgetBackground;
				CODE_SIGN_STYLE = Automatic;
				CURRENT_PROJECT_VERSION = 1;
				DEVELOPMENT_TEAM = HW9XJ9J5M2;
				GENERATE_INFOPLIST_FILE = YES;
				INFOPLIST_FILE = IntervalWatchWidget/Info.plist;
				INFOPLIST_KEY_CFBundleDisplayName = IntervalWatchWidget;
				INFOPLIST_KEY_NSHumanReadableCopyright = "";
				LD_RUNPATH_SEARCH_PATHS = (
					"$(inherited)",
					"@executable_path/Frameworks",
					"@executable_path/../../Frameworks",
					"@executable_path/../../../../Frameworks",
				);
				MARKETING_VERSION = 1.0;
				PRODUCT_BUNDLE_IDENTIFIER = com.jiny.swiftUI.IntervalApp.watchkitapp.IntervalWatchWidget;
				PRODUCT_NAME = "$(TARGET_NAME)";
				SDKROOT = watchos;
				SKIP_INSTALL = YES;
				SWIFT_EMIT_LOC_STRINGS = YES;
				SWIFT_VERSION = 5.0;
				TARGETED_DEVICE_FAMILY = 4;
				WATCHOS_DEPLOYMENT_TARGET = 11.4;
			};
			name = Debug;
		};
		30A702582F18BA6700109C2D /* Release */ = {
			isa = XCBuildConfiguration;
			buildSettings = {
				ASSETCATALOG_COMPILER_GLOBAL_ACCENT_COLOR_NAME = AccentColor;
				ASSETCATALOG_COMPILER_WIDGET_BACKGROUND_COLOR_NAME = WidgetBackground;
				CODE_SIGN_STYLE = Automatic;
				CURRENT_PROJECT_VERSION = 1;
				DEVELOPMENT_TEAM = HW9XJ9J5M2;
				GENERATE_INFOPLIST_FILE = YES;
				INFOPLIST_FILE = IntervalWatchWidget/Info.plist;
				INFOPLIST_KEY_CFBundleDisplayName = IntervalWatchWidget;
				INFOPLIST_KEY_NSHumanReadableCopyright = "";
				LD_RUNPATH_SEARCH_PATHS = (
					"$(inherited)",
					"@executable_path/Frameworks",
					"@executable_path/../../Frameworks",
					"@executable_path/../../../../Frameworks",
				);
				MARKETING_VERSION = 1.0;
				PRODUCT_BUNDLE_IDENTIFIER = com.jiny.swiftUI.IntervalApp.watchkitapp.IntervalWatchWidget;
				PRODUCT_NAME = "$(TARGET_NAME)";
				SDKROOT = watchos;
				SKIP_INSTALL = YES;
				SWIFT_EMIT_LOC_STRINGS = YES;
				SWIFT_VERSION = 5.0;
				TARGETED_DEVICE_FAMILY = 4;
				WATCHOS_DEPLOYMENT_TARGET = 11.4;
			};
			name = Release;
		};
/* End XCBuildConfiguration section */

/* Begin XCConfigurationList section */
		30A701562F17933A00109C2D /* Build configuration list for PBXProject "IntervalApp" */ = {
			isa = XCConfigurationList;
			buildConfigurations = (
				30A701872F17933C00109C2D /* Debug */,
				30A701882F17933C00109C2D /* Release */,
			);
			defaultConfigurationIsVisible = 0;
			defaultConfigurationName = Release;
		};
		30A701842F17933C00109C2D /* Build configuration list for PBXNativeTarget "IntervalApp" */ = {
			isa = XCConfigurationList;
			buildConfigurations = (
				30A701852F17933C00109C2D /* Debug */,
				30A701862F17933C00109C2D /* Release */,
			);
			defaultConfigurationIsVisible = 0;
			defaultConfigurationName = Release;
		};
		30A701892F17933C00109C2D /* Build configuration list for PBXNativeTarget "IntervalAppTests" */ = {
			isa = XCConfigurationList;
			buildConfigurations = (
				30A7018A2F17933C00109C2D /* Debug */,
				30A7018B2F17933C00109C2D /* Release */,
			);
			defaultConfigurationIsVisible = 0;
			defaultConfigurationName = Release;
		};
		30A7018C2F17933C00109C2D /* Build configuration list for PBXNativeTarget "IntervalAppUITests" */ = {
			isa = XCConfigurationList;
			buildConfigurations = (
				30A7018D2F17933C00109C2D /* Debug */,
				30A7018E2F17933C00109C2D /* Release */,
			);
			defaultConfigurationIsVisible = 0;
			defaultConfigurationName = Release;
		};
		30A701982F17A00000109C2D /* Build configuration list for PBXNativeTarget "IntervalWidgetExtension" */ = {
			isa = XCConfigurationList;
			buildConfigurations = (
				30A701962F17A00000109C2D /* Debug */,
				30A701972F17A00000109C2D /* Release */,
			);
			defaultConfigurationIsVisible = 0;
			defaultConfigurationName = Release;
		};
		30A7021F2F18A44E00109C2D /* Build configuration list for PBXNativeTarget "watchkitapp Watch App" */ = {
			isa = XCConfigurationList;
			buildConfigurations = (
				30A702202F18A44E00109C2D /* Debug */,
				30A702212F18A44E00109C2D /* Release */,
			);
			defaultConfigurationIsVisible = 0;
			defaultConfigurationName = Release;
		};
		30A702232F18A44E00109C2D /* Build configuration list for PBXNativeTarget "watchkitapp Watch AppTests" */ = {
			isa = XCConfigurationList;
			buildConfigurations = (
				30A702242F18A44E00109C2D /* Debug */,
				30A702252F18A44E00109C2D /* Release */,
			);
			defaultConfigurationIsVisible = 0;
			defaultConfigurationName = Release;
		};
		30A702262F18A44E00109C2D /* Build configuration list for PBXNativeTarget "watchkitapp Watch AppUITests" */ = {
			isa = XCConfigurationList;
			buildConfigurations = (
				30A702272F18A44E00109C2D /* Debug */,
				30A702282F18A44E00109C2D /* Release */,
			);
			defaultConfigurationIsVisible = 0;
			defaultConfigurationName = Release;
		};
		30A702562F18BA6700109C2D /* Build configuration list for PBXNativeTarget "IntervalWatchWidgetExtension" */ = {
			isa = XCConfigurationList;
			buildConfigurations = (
				30A702572F18BA6700109C2D /* Debug */,
				30A702582F18BA6700109C2D /* Release */,
			);
			defaultConfigurationIsVisible = 0;
			defaultConfigurationName = Release;
		};
/* End XCConfigurationList section */

/* Begin XCRemoteSwiftPackageReference section */
		300AC3E22F20A0A00018FCC9 /* XCRemoteSwiftPackageReference "GoogleSignIn-iOS" */ = {
			isa = XCRemoteSwiftPackageReference;
			repositoryURL = "https://github.com/google/GoogleSignIn-iOS";
			requirement = {
				kind = upToNextMajorVersion;
				minimumVersion = 9.1.0;
			};
		};
		300AC3E52F20A0B50018FCC9 /* XCRemoteSwiftPackageReference "kakao-ios-sdk" */ = {
			isa = XCRemoteSwiftPackageReference;
			repositoryURL = "https://github.com/kakao/kakao-ios-sdk.git";
			requirement = {
				kind = upToNextMajorVersion;
				minimumVersion = 2.27.1;
			};
		};
		300AC40F2F21BA440018FCC9 /* XCRemoteSwiftPackageReference "swift-package-manager-google-mobile-ads" */ = {
			isa = XCRemoteSwiftPackageReference;
			repositoryURL = "https://github.com/googleads/swift-package-manager-google-mobile-ads.git";
			requirement = {
				kind = upToNextMajorVersion;
				minimumVersion = 12.14.0;
			};
		};
/* End XCRemoteSwiftPackageReference section */

/* Begin XCSwiftPackageProductDependency section */
		300AC3E32F20A0A00018FCC9 /* GoogleSignIn */ = {
			isa = XCSwiftPackageProductDependency;
			package = 300AC3E22F20A0A00018FCC9 /* XCRemoteSwiftPackageReference "GoogleSignIn-iOS" */;
			productName = GoogleSignIn;
		};
		300AC3E62F20A0B50018FCC9 /* KakaoSDK */ = {
			isa = XCSwiftPackageProductDependency;
			package = 300AC3E52F20A0B50018FCC9 /* XCRemoteSwiftPackageReference "kakao-ios-sdk" */;
			productName = KakaoSDK;
		};
		300AC4102F21BA440018FCC9 /* GoogleMobileAds */ = {
			isa = XCSwiftPackageProductDependency;
			package = 300AC40F2F21BA440018FCC9 /* XCRemoteSwiftPackageReference "swift-package-manager-google-mobile-ads" */;
			productName = GoogleMobileAds;
		};
/* End XCSwiftPackageProductDependency section */
	};
	rootObject = 30A701532F17933A00109C2D /* Project object */;
}
